
Microsoft Visual Studio Solution File, Format Version 12.00
# Visual Studio Version 16
VisualStudioVersion = 16.0.32126.315
MinimumVisualStudioVersion = 10.0.40219.1
Project("{2150E333-8FDC-42A3-9474-1A3956D46DE8}") = "ISIA", "ISIA", "{1FC4815E-9354-4E1E-994D-CB8791702A71}"
EndProject
Project("{2150E333-8FDC-42A3-9474-1A3956D46DE8}") = "UI", "UI", "{C99E8FD3-F082-4C82-A3F1-445AD1662C76}"
EndProject
Project("{2150E333-8FDC-42A3-9474-1A3956D46DE8}") = "BIZ", "BIZ", "{B582EE1B-362B-4E0D-8B1C-ED1144ABFB08}"
EndProject
Project("{2150E333-8FDC-42A3-9474-1A3956D46DE8}") = "COMMON", "COMMON", "{EBC6A8FD-6EC5-4DA4-99DB-5E01758CA526}"
EndProject
Project("{FAE04EC0-301F-11D3-BF4B-00C04F79EFBC}") = "ISIA.COMMON", "ISIA\COMMON\ISIA.COMMON\ISIA.COMMON.csproj", "{4017597E-0DC9-4441-8492-F1512F907EBF}"
EndProject
Project("{2150E333-8FDC-42A3-9474-1A3956D46DE8}") = "INTERFACE", "INTERFACE", "{589510DB-2750-4BED-A13F-DA04196E95F3}"
EndProject
Project("{FAE04EC0-301F-11D3-BF4B-00C04F79EFBC}") = "ISIA.INTERFACE.ARGUMENTSPACK", "ISIA\INTERFACE\ISIA.INTERFACE.ARGUMENTSPACK\ISIA.INTERFACE.ARGUMENTSPACK.csproj", "{3A02FF43-6D96-4400-9678-AB2BC1D73606}"
EndProject
Project("{FAE04EC0-301F-11D3-BF4B-00C04F79EFBC}") = "TAP.UI", "UI\TAP.UI\TAP.UI.csproj", "{78F57803-0868-4941-8954-833C045664B5}"
EndProject
Project("{FAE04EC0-301F-11D3-BF4B-00C04F79EFBC}") = "TAP.UI.MDI", "UI\TAP.UI.MDI\TAP.UI.MDI.csproj", "{D84DC9A3-B7B7-4091-8BA3-EEC217B30140}"
EndProject
Project("{2150E333-8FDC-42A3-9474-1A3956D46DE8}") = "SERVICE", "SERVICE", "{1EC56DF2-7393-4C23-A6C5-95F1F01A2074}"
EndProject
Project("{FAE04EC0-301F-11D3-BF4B-00C04F79EFBC}") = "ISIA.SERVICE", "ISIA\SERVICE\ISIA.SERVICE\ISIA.SERVICE.csproj", "{62C7D0DF-FFBA-4214-84C0-0C2BC18DE1F4}"
EndProject
Project("{FAE04EC0-301F-11D3-BF4B-00C04F79EFBC}") = "ISIA.BIZ.ADMINISTRATOE", "ISIA\BIZ\ISIA.BIZ.ADMINISTRATOE\ISIA.BIZ.ADMINISTRATOE.csproj", "{6A8CB485-71C5-451E-AE89-BB6F08C86DA4}"
EndProject
Project("{FAE04EC0-301F-11D3-BF4B-00C04F79EFBC}") = "ISIA.BIZ.COMMON", "ISIA\BIZ\ISIA.BIZ.COMMON\ISIA.BIZ.COMMON.csproj", "{9D518D66-E40B-4836-93CE-AA4E187E7782}"
EndProject
Project("{FAE04EC0-301F-11D3-BF4B-00C04F79EFBC}") = "ISIA.UI.ADMINISTRATOE", "ISIA\UI\ISIA.UI.ADMINISTRATOE\ISIA.UI.ADMINISTRATOE.csproj", "{A5CC3E63-0FCC-4262-9189-A266EB3F154C}"
EndProject
Project("{FAE04EC0-301F-11D3-BF4B-00C04F79EFBC}") = "ISIA.UI.BASE", "ISIA\UI\ISIA.UI.BASE\ISIA.UI.BASE.csproj", "{470938F4-22D4-4732-A377-AEFC897415B2}"
EndProject
Project("{FAE04EC0-301F-11D3-BF4B-00C04F79EFBC}") = "ISIA.UI.ANALYSIS", "ISIA\UI\ISIA.UI.ANALYSIS\ISIA.UI.ANALYSIS.csproj", "{889DD0FB-1FE4-47BA-BE16-B84D1A3B6BE1}"
EndProject
Project("{FAE04EC0-301F-11D3-BF4B-00C04F79EFBC}") = "ISIA.BIZ.ANALYSIS", "ISIA\BIZ\ISIA.BIZ.ANALYSIS\ISIA.BIZ.ANALYSIS.csproj", "{EAE9D370-E288-46EB-9193-563C6D18EFB7}"
EndProject
Project("{FAE04EC0-301F-11D3-BF4B-00C04F79EFBC}") = "ISIA.BIZ.MANAGEMENT", "ISIA\BIZ\ISIA.BIZ.MANAGEMENT\ISIA.BIZ.MANAGEMENT.csproj", "{CA94DF6D-AC74-4757-96B1-2E2268BBD02F}"
EndProject
Project("{FAE04EC0-301F-11D3-BF4B-00C04F79EFBC}") = "ISIA.UI.TREND", "ISIA\UI\ISIA.UI.TREND\ISIA.UI.TREND.csproj", "{5DCF2A30-1C40-429C-85F6-8FF4635EB7D4}"
EndProject
Project("{FAE04EC0-301F-11D3-BF4B-00C04F79EFBC}") = "ISIA.BIZ.TREND", "ISIA\BIZ\ISIA.BIZ.TREND\ISIA.BIZ.TREND.csproj", "{05126307-4797-43C1-9DDC-9787EE38ABD0}"
EndProject
Project("{FAE04EC0-301F-11D3-BF4B-00C04F79EFBC}") = "ISIA.UI.MANAGEMENT", "ISIA\UI\ISIA.UI.MANAGEMENT\ISIA.UI.MANAGEMENT.csproj", "{1951964B-FBC2-4649-8F4C-DD5117FDFD55}"
EndProject
Project("{FAE04EC0-301F-11D3-BF4B-00C04F79EFBC}") = "ISIA.UI.CHARTTEST", "ISIA\UI\ISIA.UI.CHARTTEST\ISIA.UI.CHARTTEST.csproj", "{D8892BE9-4986-41C4-AA28-52CF5208DEEA}"
EndProject
Project("{FAE04EC0-301F-11D3-BF4B-00C04F79EFBC}") = "ISIA.CHART.SERVICE", "ISIA\SERVICE\ISIA.CHART.SERVICE\ISIA.CHART.SERVICE.csproj", "{456EFAB7-C315-4F33-863D-6AF3658E3EEE}"
EndProject
Project("{FAE04EC0-301F-11D3-BF4B-00C04F79EFBC}") = "ISIA.DETECTING.SERVICE", "ISIA\SERVICE\ISIA.DETECTING.SERVICE\ISIA.DETECTING.SERVICE.csproj", "{C0CA6AED-F2C1-4773-A72B-24EB845B122B}"
EndProject
Project("{FAE04EC0-301F-11D3-BF4B-00C04F79EFBC}") = "ISIA.UI.COMMON", "ISIA\UI\ISIA.UI.COMMON\ISIA.UI.COMMON.csproj", "{28EFE14C-E66C-44BF-957B-D0FB38676A3D}"
EndProject
Project("{2150E333-8FDC-42A3-9474-1A3956D46DE8}") = "00.Development documents", "00.Development documents", "{2D212AFC-4FDD-418E-8A3D-A48164792B33}"
	ProjectSection(SolutionItems) = preProject
		00.Development documents\Definition_controlname and Linkage.xlsx = 00.Development documents\Definition_controlname and Linkage.xlsx
		00.Development documents\desc_SH_ST_TAP_How to Use Fressage_r1.0_20220711_cn.pdf = 00.Development documents\desc_SH_ST_TAP_How to Use Fressage_r1.0_20220711_cn.pdf
		00.Development documents\guide_SH_ST_IntSysDev_r3.0_20220622_cn.pdf = 00.Development documents\guide_SH_ST_IntSysDev_r3.0_20220622_cn.pdf
		00.Development documents\guide_SH_ST_IntSysDev_r3.0_20220622_kr.pdf = 00.Development documents\guide_SH_ST_IntSysDev_r3.0_20220622_kr.pdf
		00.Development documents\TAPFX3100_Help.chm = 00.Development documents\TAPFX3100_Help.chm
	EndProjectSection
EndProject
Project("{FAE04EC0-301F-11D3-BF4B-00C04F79EFBC}") = "TAP.Fressage.UI", "UI\TAP.Fressage.UI\TAP.Fressage.UI.csproj", "{FEF7B8F8-6F1A-4A45-9918-196253A0F563}"
EndProject
Project("{FAE04EC0-301F-11D3-BF4B-00C04F79EFBC}") = "TAP.WEB.API.Patch", "TAP.WEB.API.Patch\TAP.WEB.API.Patch.csproj", "{41922F5A-B4B8-4CDC-A4BB-10391C7FF5D3}"
EndProject
Global
	GlobalSection(SolutionConfigurationPlatforms) = preSolution
		CD_ROM|Any CPU = CD_ROM|Any CPU
		CD_ROM|Mixed Platforms = CD_ROM|Mixed Platforms
		CD_ROM|x64 = CD_ROM|x64
		CD_ROM|x86 = CD_ROM|x86
		Debug|Any CPU = Debug|Any CPU
		Debug|Mixed Platforms = Debug|Mixed Platforms
		Debug|x64 = Debug|x64
		Debug|x86 = Debug|x86
		DVD-5|Any CPU = DVD-5|Any CPU
		DVD-5|Mixed Platforms = DVD-5|Mixed Platforms
		DVD-5|x64 = DVD-5|x64
		DVD-5|x86 = DVD-5|x86
		Release|Any CPU = Release|Any CPU
		Release|Mixed Platforms = Release|Mixed Platforms
		Release|x64 = Release|x64
		Release|x86 = Release|x86
		SingleImage|Any CPU = SingleImage|Any CPU
		SingleImage|Mixed Platforms = SingleImage|Mixed Platforms
		SingleImage|x64 = SingleImage|x64
		SingleImage|x86 = SingleImage|x86
	EndGlobalSection
	GlobalSection(ProjectConfigurationPlatforms) = postSolution
		{4017597E-0DC9-4441-8492-F1512F907EBF}.CD_ROM|Any CPU.ActiveCfg = Release|Any CPU
		{4017597E-0DC9-4441-8492-F1512F907EBF}.CD_ROM|Any CPU.Build.0 = Release|Any CPU
		{4017597E-0DC9-4441-8492-F1512F907EBF}.CD_ROM|Mixed Platforms.ActiveCfg = Release|Any CPU
		{4017597E-0DC9-4441-8492-F1512F907EBF}.CD_ROM|Mixed Platforms.Build.0 = Release|Any CPU
		{4017597E-0DC9-4441-8492-F1512F907EBF}.CD_ROM|x64.ActiveCfg = Release|Any CPU
		{4017597E-0DC9-4441-8492-F1512F907EBF}.CD_ROM|x64.Build.0 = Release|Any CPU
		{4017597E-0DC9-4441-8492-F1512F907EBF}.CD_ROM|x86.ActiveCfg = Release|Any CPU
		{4017597E-0DC9-4441-8492-F1512F907EBF}.CD_ROM|x86.Build.0 = Release|Any CPU
		{4017597E-0DC9-4441-8492-F1512F907EBF}.Debug|Any CPU.ActiveCfg = Debug|Any CPU
		{4017597E-0DC9-4441-8492-F1512F907EBF}.Debug|Any CPU.Build.0 = Debug|Any CPU
		{4017597E-0DC9-4441-8492-F1512F907EBF}.Debug|Mixed Platforms.ActiveCfg = Debug|Any CPU
		{4017597E-0DC9-4441-8492-F1512F907EBF}.Debug|Mixed Platforms.Build.0 = Debug|Any CPU
		{4017597E-0DC9-4441-8492-F1512F907EBF}.Debug|x64.ActiveCfg = Debug|Any CPU
		{4017597E-0DC9-4441-8492-F1512F907EBF}.Debug|x64.Build.0 = Debug|Any CPU
		{4017597E-0DC9-4441-8492-F1512F907EBF}.Debug|x86.ActiveCfg = Debug|Any CPU
		{4017597E-0DC9-4441-8492-F1512F907EBF}.Debug|x86.Build.0 = Debug|Any CPU
		{4017597E-0DC9-4441-8492-F1512F907EBF}.DVD-5|Any CPU.ActiveCfg = Debug|Any CPU
		{4017597E-0DC9-4441-8492-F1512F907EBF}.DVD-5|Any CPU.Build.0 = Debug|Any CPU
		{4017597E-0DC9-4441-8492-F1512F907EBF}.DVD-5|Mixed Platforms.ActiveCfg = Debug|Any CPU
		{4017597E-0DC9-4441-8492-F1512F907EBF}.DVD-5|Mixed Platforms.Build.0 = Debug|Any CPU
		{4017597E-0DC9-4441-8492-F1512F907EBF}.DVD-5|x64.ActiveCfg = Debug|Any CPU
		{4017597E-0DC9-4441-8492-F1512F907EBF}.DVD-5|x64.Build.0 = Debug|Any CPU
		{4017597E-0DC9-4441-8492-F1512F907EBF}.DVD-5|x86.ActiveCfg = Debug|Any CPU
		{4017597E-0DC9-4441-8492-F1512F907EBF}.DVD-5|x86.Build.0 = Debug|Any CPU
		{4017597E-0DC9-4441-8492-F1512F907EBF}.Release|Any CPU.ActiveCfg = Release|Any CPU
		{4017597E-0DC9-4441-8492-F1512F907EBF}.Release|Any CPU.Build.0 = Release|Any CPU
		{4017597E-0DC9-4441-8492-F1512F907EBF}.Release|Mixed Platforms.ActiveCfg = Release|Any CPU
		{4017597E-0DC9-4441-8492-F1512F907EBF}.Release|Mixed Platforms.Build.0 = Release|Any CPU
		{4017597E-0DC9-4441-8492-F1512F907EBF}.Release|x64.ActiveCfg = Release|Any CPU
		{4017597E-0DC9-4441-8492-F1512F907EBF}.Release|x64.Build.0 = Release|Any CPU
		{4017597E-0DC9-4441-8492-F1512F907EBF}.Release|x86.ActiveCfg = Release|Any CPU
		{4017597E-0DC9-4441-8492-F1512F907EBF}.Release|x86.Build.0 = Release|Any CPU
		{4017597E-0DC9-4441-8492-F1512F907EBF}.SingleImage|Any CPU.ActiveCfg = Release|Any CPU
		{4017597E-0DC9-4441-8492-F1512F907EBF}.SingleImage|Any CPU.Build.0 = Release|Any CPU
		{4017597E-0DC9-4441-8492-F1512F907EBF}.SingleImage|Mixed Platforms.ActiveCfg = Release|Any CPU
		{4017597E-0DC9-4441-8492-F1512F907EBF}.SingleImage|Mixed Platforms.Build.0 = Release|Any CPU
		{4017597E-0DC9-4441-8492-F1512F907EBF}.SingleImage|x64.ActiveCfg = Release|Any CPU
		{4017597E-0DC9-4441-8492-F1512F907EBF}.SingleImage|x64.Build.0 = Release|Any CPU
		{4017597E-0DC9-4441-8492-F1512F907EBF}.SingleImage|x86.ActiveCfg = Release|Any CPU
		{4017597E-0DC9-4441-8492-F1512F907EBF}.SingleImage|x86.Build.0 = Release|Any CPU
		{3A02FF43-6D96-4400-9678-AB2BC1D73606}.CD_ROM|Any CPU.ActiveCfg = Release|Any CPU
		{3A02FF43-6D96-4400-9678-AB2BC1D73606}.CD_ROM|Any CPU.Build.0 = Release|Any CPU
		{3A02FF43-6D96-4400-9678-AB2BC1D73606}.CD_ROM|Mixed Platforms.ActiveCfg = Release|Any CPU
		{3A02FF43-6D96-4400-9678-AB2BC1D73606}.CD_ROM|Mixed Platforms.Build.0 = Release|Any CPU
		{3A02FF43-6D96-4400-9678-AB2BC1D73606}.CD_ROM|x64.ActiveCfg = Release|Any CPU
		{3A02FF43-6D96-4400-9678-AB2BC1D73606}.CD_ROM|x64.Build.0 = Release|Any CPU
		{3A02FF43-6D96-4400-9678-AB2BC1D73606}.CD_ROM|x86.ActiveCfg = Release|Any CPU
		{3A02FF43-6D96-4400-9678-AB2BC1D73606}.CD_ROM|x86.Build.0 = Release|Any CPU
		{3A02FF43-6D96-4400-9678-AB2BC1D73606}.Debug|Any CPU.ActiveCfg = Debug|Any CPU
		{3A02FF43-6D96-4400-9678-AB2BC1D73606}.Debug|Any CPU.Build.0 = Debug|Any CPU
		{3A02FF43-6D96-4400-9678-AB2BC1D73606}.Debug|Mixed Platforms.ActiveCfg = Debug|Any CPU
		{3A02FF43-6D96-4400-9678-AB2BC1D73606}.Debug|Mixed Platforms.Build.0 = Debug|Any CPU
		{3A02FF43-6D96-4400-9678-AB2BC1D73606}.Debug|x64.ActiveCfg = Debug|Any CPU
		{3A02FF43-6D96-4400-9678-AB2BC1D73606}.Debug|x64.Build.0 = Debug|Any CPU
		{3A02FF43-6D96-4400-9678-AB2BC1D73606}.Debug|x86.ActiveCfg = Debug|Any CPU
		{3A02FF43-6D96-4400-9678-AB2BC1D73606}.Debug|x86.Build.0 = Debug|Any CPU
		{3A02FF43-6D96-4400-9678-AB2BC1D73606}.DVD-5|Any CPU.ActiveCfg = Debug|Any CPU
		{3A02FF43-6D96-4400-9678-AB2BC1D73606}.DVD-5|Any CPU.Build.0 = Debug|Any CPU
		{3A02FF43-6D96-4400-9678-AB2BC1D73606}.DVD-5|Mixed Platforms.ActiveCfg = Debug|Any CPU
		{3A02FF43-6D96-4400-9678-AB2BC1D73606}.DVD-5|Mixed Platforms.Build.0 = Debug|Any CPU
		{3A02FF43-6D96-4400-9678-AB2BC1D73606}.DVD-5|x64.ActiveCfg = Debug|Any CPU
		{3A02FF43-6D96-4400-9678-AB2BC1D73606}.DVD-5|x64.Build.0 = Debug|Any CPU
		{3A02FF43-6D96-4400-9678-AB2BC1D73606}.DVD-5|x86.ActiveCfg = Debug|Any CPU
		{3A02FF43-6D96-4400-9678-AB2BC1D73606}.DVD-5|x86.Build.0 = Debug|Any CPU
		{3A02FF43-6D96-4400-9678-AB2BC1D73606}.Release|Any CPU.ActiveCfg = Release|Any CPU
		{3A02FF43-6D96-4400-9678-AB2BC1D73606}.Release|Any CPU.Build.0 = Release|Any CPU
		{3A02FF43-6D96-4400-9678-AB2BC1D73606}.Release|Mixed Platforms.ActiveCfg = Release|Any CPU
		{3A02FF43-6D96-4400-9678-AB2BC1D73606}.Release|Mixed Platforms.Build.0 = Release|Any CPU
		{3A02FF43-6D96-4400-9678-AB2BC1D73606}.Release|x64.ActiveCfg = Release|Any CPU
		{3A02FF43-6D96-4400-9678-AB2BC1D73606}.Release|x64.Build.0 = Release|Any CPU
		{3A02FF43-6D96-4400-9678-AB2BC1D73606}.Release|x86.ActiveCfg = Release|Any CPU
		{3A02FF43-6D96-4400-9678-AB2BC1D73606}.Release|x86.Build.0 = Release|Any CPU
		{3A02FF43-6D96-4400-9678-AB2BC1D73606}.SingleImage|Any CPU.ActiveCfg = Release|Any CPU
		{3A02FF43-6D96-4400-9678-AB2BC1D73606}.SingleImage|Any CPU.Build.0 = Release|Any CPU
		{3A02FF43-6D96-4400-9678-AB2BC1D73606}.SingleImage|Mixed Platforms.ActiveCfg = Release|Any CPU
		{3A02FF43-6D96-4400-9678-AB2BC1D73606}.SingleImage|Mixed Platforms.Build.0 = Release|Any CPU
		{3A02FF43-6D96-4400-9678-AB2BC1D73606}.SingleImage|x64.ActiveCfg = Release|Any CPU
		{3A02FF43-6D96-4400-9678-AB2BC1D73606}.SingleImage|x64.Build.0 = Release|Any CPU
		{3A02FF43-6D96-4400-9678-AB2BC1D73606}.SingleImage|x86.ActiveCfg = Release|Any CPU
		{3A02FF43-6D96-4400-9678-AB2BC1D73606}.SingleImage|x86.Build.0 = Release|Any CPU
		{78F57803-0868-4941-8954-833C045664B5}.CD_ROM|Any CPU.ActiveCfg = Release|Any CPU
		{78F57803-0868-4941-8954-833C045664B5}.CD_ROM|Any CPU.Build.0 = Release|Any CPU
		{78F57803-0868-4941-8954-833C045664B5}.CD_ROM|Mixed Platforms.ActiveCfg = Release|x86
		{78F57803-0868-4941-8954-833C045664B5}.CD_ROM|Mixed Platforms.Build.0 = Release|x86
		{78F57803-0868-4941-8954-833C045664B5}.CD_ROM|x64.ActiveCfg = Release|x64
		{78F57803-0868-4941-8954-833C045664B5}.CD_ROM|x64.Build.0 = Release|x64
		{78F57803-0868-4941-8954-833C045664B5}.CD_ROM|x86.ActiveCfg = Release|x86
		{78F57803-0868-4941-8954-833C045664B5}.CD_ROM|x86.Build.0 = Release|x86
		{78F57803-0868-4941-8954-833C045664B5}.Debug|Any CPU.ActiveCfg = Debug|Any CPU
		{78F57803-0868-4941-8954-833C045664B5}.Debug|Any CPU.Build.0 = Debug|Any CPU
		{78F57803-0868-4941-8954-833C045664B5}.Debug|Mixed Platforms.ActiveCfg = Debug|x86
		{78F57803-0868-4941-8954-833C045664B5}.Debug|Mixed Platforms.Build.0 = Debug|x86
		{78F57803-0868-4941-8954-833C045664B5}.Debug|x64.ActiveCfg = Debug|x64
		{78F57803-0868-4941-8954-833C045664B5}.Debug|x64.Build.0 = Debug|x64
		{78F57803-0868-4941-8954-833C045664B5}.Debug|x86.ActiveCfg = Debug|Any CPU
		{78F57803-0868-4941-8954-833C045664B5}.Debug|x86.Build.0 = Debug|Any CPU
		{78F57803-0868-4941-8954-833C045664B5}.DVD-5|Any CPU.ActiveCfg = Debug|Any CPU
		{78F57803-0868-4941-8954-833C045664B5}.DVD-5|Any CPU.Build.0 = Debug|Any CPU
		{78F57803-0868-4941-8954-833C045664B5}.DVD-5|Mixed Platforms.ActiveCfg = Debug|x86
		{78F57803-0868-4941-8954-833C045664B5}.DVD-5|Mixed Platforms.Build.0 = Debug|x86
		{78F57803-0868-4941-8954-833C045664B5}.DVD-5|x64.ActiveCfg = Debug|x64
		{78F57803-0868-4941-8954-833C045664B5}.DVD-5|x64.Build.0 = Debug|x64
		{78F57803-0868-4941-8954-833C045664B5}.DVD-5|x86.ActiveCfg = Debug|x86
		{78F57803-0868-4941-8954-833C045664B5}.DVD-5|x86.Build.0 = Debug|x86
		{78F57803-0868-4941-8954-833C045664B5}.Release|Any CPU.ActiveCfg = Release|Any CPU
		{78F57803-0868-4941-8954-833C045664B5}.Release|Any CPU.Build.0 = Release|Any CPU
		{78F57803-0868-4941-8954-833C045664B5}.Release|Mixed Platforms.ActiveCfg = Release|x86
		{78F57803-0868-4941-8954-833C045664B5}.Release|Mixed Platforms.Build.0 = Release|x86
		{78F57803-0868-4941-8954-833C045664B5}.Release|x64.ActiveCfg = Release|x64
		{78F57803-0868-4941-8954-833C045664B5}.Release|x64.Build.0 = Release|x64
		{78F57803-0868-4941-8954-833C045664B5}.Release|x86.ActiveCfg = Release|x86
		{78F57803-0868-4941-8954-833C045664B5}.Release|x86.Build.0 = Release|x86
		{78F57803-0868-4941-8954-833C045664B5}.SingleImage|Any CPU.ActiveCfg = Release|Any CPU
		{78F57803-0868-4941-8954-833C045664B5}.SingleImage|Any CPU.Build.0 = Release|Any CPU
		{78F57803-0868-4941-8954-833C045664B5}.SingleImage|Mixed Platforms.ActiveCfg = Release|x86
		{78F57803-0868-4941-8954-833C045664B5}.SingleImage|Mixed Platforms.Build.0 = Release|x86
		{78F57803-0868-4941-8954-833C045664B5}.SingleImage|x64.ActiveCfg = Release|x64
		{78F57803-0868-4941-8954-833C045664B5}.SingleImage|x64.Build.0 = Release|x64
		{78F57803-0868-4941-8954-833C045664B5}.SingleImage|x86.ActiveCfg = Release|x86
		{78F57803-0868-4941-8954-833C045664B5}.SingleImage|x86.Build.0 = Release|x86
		{D84DC9A3-B7B7-4091-8BA3-EEC217B30140}.CD_ROM|Any CPU.ActiveCfg = Release|Any CPU
		{D84DC9A3-B7B7-4091-8BA3-EEC217B30140}.CD_ROM|Any CPU.Build.0 = Release|Any CPU
		{D84DC9A3-B7B7-4091-8BA3-EEC217B30140}.CD_ROM|Mixed Platforms.ActiveCfg = Release|x86
		{D84DC9A3-B7B7-4091-8BA3-EEC217B30140}.CD_ROM|Mixed Platforms.Build.0 = Release|x86
		{D84DC9A3-B7B7-4091-8BA3-EEC217B30140}.CD_ROM|x64.ActiveCfg = Release|x64
		{D84DC9A3-B7B7-4091-8BA3-EEC217B30140}.CD_ROM|x64.Build.0 = Release|x64
		{D84DC9A3-B7B7-4091-8BA3-EEC217B30140}.CD_ROM|x86.ActiveCfg = Release|x86
		{D84DC9A3-B7B7-4091-8BA3-EEC217B30140}.CD_ROM|x86.Build.0 = Release|x86
		{D84DC9A3-B7B7-4091-8BA3-EEC217B30140}.Debug|Any CPU.ActiveCfg = Debug|Any CPU
		{D84DC9A3-B7B7-4091-8BA3-EEC217B30140}.Debug|Any CPU.Build.0 = Debug|Any CPU
		{D84DC9A3-B7B7-4091-8BA3-EEC217B30140}.Debug|Mixed Platforms.ActiveCfg = Debug|x86
		{D84DC9A3-B7B7-4091-8BA3-EEC217B30140}.Debug|Mixed Platforms.Build.0 = Debug|x86
		{D84DC9A3-B7B7-4091-8BA3-EEC217B30140}.Debug|x64.ActiveCfg = Debug|x64
		{D84DC9A3-B7B7-4091-8BA3-EEC217B30140}.Debug|x64.Build.0 = Debug|x64
		{D84DC9A3-B7B7-4091-8BA3-EEC217B30140}.Debug|x86.ActiveCfg = Debug|Any CPU
		{D84DC9A3-B7B7-4091-8BA3-EEC217B30140}.Debug|x86.Build.0 = Debug|Any CPU
		{D84DC9A3-B7B7-4091-8BA3-EEC217B30140}.DVD-5|Any CPU.ActiveCfg = Debug|Any CPU
		{D84DC9A3-B7B7-4091-8BA3-EEC217B30140}.DVD-5|Any CPU.Build.0 = Debug|Any CPU
		{D84DC9A3-B7B7-4091-8BA3-EEC217B30140}.DVD-5|Mixed Platforms.ActiveCfg = Debug|x86
		{D84DC9A3-B7B7-4091-8BA3-EEC217B30140}.DVD-5|Mixed Platforms.Build.0 = Debug|x86
		{D84DC9A3-B7B7-4091-8BA3-EEC217B30140}.DVD-5|x64.ActiveCfg = Debug|x64
		{D84DC9A3-B7B7-4091-8BA3-EEC217B30140}.DVD-5|x64.Build.0 = Debug|x64
		{D84DC9A3-B7B7-4091-8BA3-EEC217B30140}.DVD-5|x86.ActiveCfg = Debug|x86
		{D84DC9A3-B7B7-4091-8BA3-EEC217B30140}.DVD-5|x86.Build.0 = Debug|x86
		{D84DC9A3-B7B7-4091-8BA3-EEC217B30140}.Release|Any CPU.ActiveCfg = Release|Any CPU
		{D84DC9A3-B7B7-4091-8BA3-EEC217B30140}.Release|Any CPU.Build.0 = Release|Any CPU
		{D84DC9A3-B7B7-4091-8BA3-EEC217B30140}.Release|Mixed Platforms.ActiveCfg = Release|x86
		{D84DC9A3-B7B7-4091-8BA3-EEC217B30140}.Release|Mixed Platforms.Build.0 = Release|x86
		{D84DC9A3-B7B7-4091-8BA3-EEC217B30140}.Release|x64.ActiveCfg = Release|x64
		{D84DC9A3-B7B7-4091-8BA3-EEC217B30140}.Release|x64.Build.0 = Release|x64
		{D84DC9A3-B7B7-4091-8BA3-EEC217B30140}.Release|x86.ActiveCfg = Release|x86
		{D84DC9A3-B7B7-4091-8BA3-EEC217B30140}.Release|x86.Build.0 = Release|x86
		{D84DC9A3-B7B7-4091-8BA3-EEC217B30140}.SingleImage|Any CPU.ActiveCfg = Release|Any CPU
		{D84DC9A3-B7B7-4091-8BA3-EEC217B30140}.SingleImage|Any CPU.Build.0 = Release|Any CPU
		{D84DC9A3-B7B7-4091-8BA3-EEC217B30140}.SingleImage|Mixed Platforms.ActiveCfg = Release|x86
		{D84DC9A3-B7B7-4091-8BA3-EEC217B30140}.SingleImage|Mixed Platforms.Build.0 = Release|x86
		{D84DC9A3-B7B7-4091-8BA3-EEC217B30140}.SingleImage|x64.ActiveCfg = Release|x64
		{D84DC9A3-B7B7-4091-8BA3-EEC217B30140}.SingleImage|x64.Build.0 = Release|x64
		{D84DC9A3-B7B7-4091-8BA3-EEC217B30140}.SingleImage|x86.ActiveCfg = Release|x86
		{D84DC9A3-B7B7-4091-8BA3-EEC217B30140}.SingleImage|x86.Build.0 = Release|x86
		{62C7D0DF-FFBA-4214-84C0-0C2BC18DE1F4}.CD_ROM|Any CPU.ActiveCfg = Release|Any CPU
		{62C7D0DF-FFBA-4214-84C0-0C2BC18DE1F4}.CD_ROM|Any CPU.Build.0 = Release|Any CPU
		{62C7D0DF-FFBA-4214-84C0-0C2BC18DE1F4}.CD_ROM|Mixed Platforms.ActiveCfg = Release|Any CPU
		{62C7D0DF-FFBA-4214-84C0-0C2BC18DE1F4}.CD_ROM|Mixed Platforms.Build.0 = Release|Any CPU
		{62C7D0DF-FFBA-4214-84C0-0C2BC18DE1F4}.CD_ROM|x64.ActiveCfg = Release|Any CPU
		{62C7D0DF-FFBA-4214-84C0-0C2BC18DE1F4}.CD_ROM|x64.Build.0 = Release|Any CPU
		{62C7D0DF-FFBA-4214-84C0-0C2BC18DE1F4}.CD_ROM|x86.ActiveCfg = Release|Any CPU
		{62C7D0DF-FFBA-4214-84C0-0C2BC18DE1F4}.CD_ROM|x86.Build.0 = Release|Any CPU
		{62C7D0DF-FFBA-4214-84C0-0C2BC18DE1F4}.Debug|Any CPU.ActiveCfg = Debug|Any CPU
		{62C7D0DF-FFBA-4214-84C0-0C2BC18DE1F4}.Debug|Any CPU.Build.0 = Debug|Any CPU
		{62C7D0DF-FFBA-4214-84C0-0C2BC18DE1F4}.Debug|Mixed Platforms.ActiveCfg = Debug|Any CPU
		{62C7D0DF-FFBA-4214-84C0-0C2BC18DE1F4}.Debug|Mixed Platforms.Build.0 = Debug|Any CPU
		{62C7D0DF-FFBA-4214-84C0-0C2BC18DE1F4}.Debug|x64.ActiveCfg = Debug|Any CPU
		{62C7D0DF-FFBA-4214-84C0-0C2BC18DE1F4}.Debug|x64.Build.0 = Debug|Any CPU
		{62C7D0DF-FFBA-4214-84C0-0C2BC18DE1F4}.Debug|x86.ActiveCfg = Debug|Any CPU
		{62C7D0DF-FFBA-4214-84C0-0C2BC18DE1F4}.Debug|x86.Build.0 = Debug|Any CPU
		{62C7D0DF-FFBA-4214-84C0-0C2BC18DE1F4}.DVD-5|Any CPU.ActiveCfg = Debug|Any CPU
		{62C7D0DF-FFBA-4214-84C0-0C2BC18DE1F4}.DVD-5|Any CPU.Build.0 = Debug|Any CPU
		{62C7D0DF-FFBA-4214-84C0-0C2BC18DE1F4}.DVD-5|Mixed Platforms.ActiveCfg = Debug|Any CPU
		{62C7D0DF-FFBA-4214-84C0-0C2BC18DE1F4}.DVD-5|Mixed Platforms.Build.0 = Debug|Any CPU
		{62C7D0DF-FFBA-4214-84C0-0C2BC18DE1F4}.DVD-5|x64.ActiveCfg = Debug|Any CPU
		{62C7D0DF-FFBA-4214-84C0-0C2BC18DE1F4}.DVD-5|x64.Build.0 = Debug|Any CPU
		{62C7D0DF-FFBA-4214-84C0-0C2BC18DE1F4}.DVD-5|x86.ActiveCfg = Debug|Any CPU
		{62C7D0DF-FFBA-4214-84C0-0C2BC18DE1F4}.DVD-5|x86.Build.0 = Debug|Any CPU
		{62C7D0DF-FFBA-4214-84C0-0C2BC18DE1F4}.Release|Any CPU.ActiveCfg = Release|Any CPU
		{62C7D0DF-FFBA-4214-84C0-0C2BC18DE1F4}.Release|Any CPU.Build.0 = Release|Any CPU
		{62C7D0DF-FFBA-4214-84C0-0C2BC18DE1F4}.Release|Mixed Platforms.ActiveCfg = Release|Any CPU
		{62C7D0DF-FFBA-4214-84C0-0C2BC18DE1F4}.Release|Mixed Platforms.Build.0 = Release|Any CPU
		{62C7D0DF-FFBA-4214-84C0-0C2BC18DE1F4}.Release|x64.ActiveCfg = Release|Any CPU
		{62C7D0DF-FFBA-4214-84C0-0C2BC18DE1F4}.Release|x64.Build.0 = Release|Any CPU
		{62C7D0DF-FFBA-4214-84C0-0C2BC18DE1F4}.Release|x86.ActiveCfg = Release|Any CPU
		{62C7D0DF-FFBA-4214-84C0-0C2BC18DE1F4}.Release|x86.Build.0 = Release|Any CPU
		{62C7D0DF-FFBA-4214-84C0-0C2BC18DE1F4}.SingleImage|Any CPU.ActiveCfg = Release|Any CPU
		{62C7D0DF-FFBA-4214-84C0-0C2BC18DE1F4}.SingleImage|Any CPU.Build.0 = Release|Any CPU
		{62C7D0DF-FFBA-4214-84C0-0C2BC18DE1F4}.SingleImage|Mixed Platforms.ActiveCfg = Release|Any CPU
		{62C7D0DF-FFBA-4214-84C0-0C2BC18DE1F4}.SingleImage|Mixed Platforms.Build.0 = Release|Any CPU
		{62C7D0DF-FFBA-4214-84C0-0C2BC18DE1F4}.SingleImage|x64.ActiveCfg = Release|Any CPU
		{62C7D0DF-FFBA-4214-84C0-0C2BC18DE1F4}.SingleImage|x64.Build.0 = Release|Any CPU
		{62C7D0DF-FFBA-4214-84C0-0C2BC18DE1F4}.SingleImage|x86.ActiveCfg = Release|Any CPU
		{62C7D0DF-FFBA-4214-84C0-0C2BC18DE1F4}.SingleImage|x86.Build.0 = Release|Any CPU
		{6A8CB485-71C5-451E-AE89-BB6F08C86DA4}.CD_ROM|Any CPU.ActiveCfg = Release|Any CPU
		{6A8CB485-71C5-451E-AE89-BB6F08C86DA4}.CD_ROM|Any CPU.Build.0 = Release|Any CPU
		{6A8CB485-71C5-451E-AE89-BB6F08C86DA4}.CD_ROM|Mixed Platforms.ActiveCfg = Release|Any CPU
		{6A8CB485-71C5-451E-AE89-BB6F08C86DA4}.CD_ROM|Mixed Platforms.Build.0 = Release|Any CPU
		{6A8CB485-71C5-451E-AE89-BB6F08C86DA4}.CD_ROM|x64.ActiveCfg = Release|Any CPU
		{6A8CB485-71C5-451E-AE89-BB6F08C86DA4}.CD_ROM|x64.Build.0 = Release|Any CPU
		{6A8CB485-71C5-451E-AE89-BB6F08C86DA4}.CD_ROM|x86.ActiveCfg = Release|Any CPU
		{6A8CB485-71C5-451E-AE89-BB6F08C86DA4}.CD_ROM|x86.Build.0 = Release|Any CPU
		{6A8CB485-71C5-451E-AE89-BB6F08C86DA4}.Debug|Any CPU.ActiveCfg = Debug|Any CPU
		{6A8CB485-71C5-451E-AE89-BB6F08C86DA4}.Debug|Any CPU.Build.0 = Debug|Any CPU
		{6A8CB485-71C5-451E-AE89-BB6F08C86DA4}.Debug|Mixed Platforms.ActiveCfg = Debug|Any CPU
		{6A8CB485-71C5-451E-AE89-BB6F08C86DA4}.Debug|Mixed Platforms.Build.0 = Debug|Any CPU
		{6A8CB485-71C5-451E-AE89-BB6F08C86DA4}.Debug|x64.ActiveCfg = Debug|Any CPU
		{6A8CB485-71C5-451E-AE89-BB6F08C86DA4}.Debug|x64.Build.0 = Debug|Any CPU
		{6A8CB485-71C5-451E-AE89-BB6F08C86DA4}.Debug|x86.ActiveCfg = Debug|Any CPU
		{6A8CB485-71C5-451E-AE89-BB6F08C86DA4}.Debug|x86.Build.0 = Debug|Any CPU
		{6A8CB485-71C5-451E-AE89-BB6F08C86DA4}.DVD-5|Any CPU.ActiveCfg = Debug|Any CPU
		{6A8CB485-71C5-451E-AE89-BB6F08C86DA4}.DVD-5|Any CPU.Build.0 = Debug|Any CPU
		{6A8CB485-71C5-451E-AE89-BB6F08C86DA4}.DVD-5|Mixed Platforms.ActiveCfg = Debug|Any CPU
		{6A8CB485-71C5-451E-AE89-BB6F08C86DA4}.DVD-5|Mixed Platforms.Build.0 = Debug|Any CPU
		{6A8CB485-71C5-451E-AE89-BB6F08C86DA4}.DVD-5|x64.ActiveCfg = Debug|Any CPU
		{6A8CB485-71C5-451E-AE89-BB6F08C86DA4}.DVD-5|x64.Build.0 = Debug|Any CPU
		{6A8CB485-71C5-451E-AE89-BB6F08C86DA4}.DVD-5|x86.ActiveCfg = Debug|Any CPU
		{6A8CB485-71C5-451E-AE89-BB6F08C86DA4}.DVD-5|x86.Build.0 = Debug|Any CPU
		{6A8CB485-71C5-451E-AE89-BB6F08C86DA4}.Release|Any CPU.ActiveCfg = Release|Any CPU
		{6A8CB485-71C5-451E-AE89-BB6F08C86DA4}.Release|Any CPU.Build.0 = Release|Any CPU
		{6A8CB485-71C5-451E-AE89-BB6F08C86DA4}.Release|Mixed Platforms.ActiveCfg = Release|Any CPU
		{6A8CB485-71C5-451E-AE89-BB6F08C86DA4}.Release|Mixed Platforms.Build.0 = Release|Any CPU
		{6A8CB485-71C5-451E-AE89-BB6F08C86DA4}.Release|x64.ActiveCfg = Release|Any CPU
		{6A8CB485-71C5-451E-AE89-BB6F08C86DA4}.Release|x64.Build.0 = Release|Any CPU
		{6A8CB485-71C5-451E-AE89-BB6F08C86DA4}.Release|x86.ActiveCfg = Release|Any CPU
		{6A8CB485-71C5-451E-AE89-BB6F08C86DA4}.Release|x86.Build.0 = Release|Any CPU
		{6A8CB485-71C5-451E-AE89-BB6F08C86DA4}.SingleImage|Any CPU.ActiveCfg = Release|Any CPU
		{6A8CB485-71C5-451E-AE89-BB6F08C86DA4}.SingleImage|Any CPU.Build.0 = Release|Any CPU
		{6A8CB485-71C5-451E-AE89-BB6F08C86DA4}.SingleImage|Mixed Platforms.ActiveCfg = Release|Any CPU
		{6A8CB485-71C5-451E-AE89-BB6F08C86DA4}.SingleImage|Mixed Platforms.Build.0 = Release|Any CPU
		{6A8CB485-71C5-451E-AE89-BB6F08C86DA4}.SingleImage|x64.ActiveCfg = Release|Any CPU
		{6A8CB485-71C5-451E-AE89-BB6F08C86DA4}.SingleImage|x64.Build.0 = Release|Any CPU
		{6A8CB485-71C5-451E-AE89-BB6F08C86DA4}.SingleImage|x86.ActiveCfg = Release|Any CPU
		{6A8CB485-71C5-451E-AE89-BB6F08C86DA4}.SingleImage|x86.Build.0 = Release|Any CPU
		{9D518D66-E40B-4836-93CE-AA4E187E7782}.CD_ROM|Any CPU.ActiveCfg = Release|Any CPU
		{9D518D66-E40B-4836-93CE-AA4E187E7782}.CD_ROM|Any CPU.Build.0 = Release|Any CPU
		{9D518D66-E40B-4836-93CE-AA4E187E7782}.CD_ROM|Mixed Platforms.ActiveCfg = Release|Any CPU
		{9D518D66-E40B-4836-93CE-AA4E187E7782}.CD_ROM|Mixed Platforms.Build.0 = Release|Any CPU
		{9D518D66-E40B-4836-93CE-AA4E187E7782}.CD_ROM|x64.ActiveCfg = Release|Any CPU
		{9D518D66-E40B-4836-93CE-AA4E187E7782}.CD_ROM|x64.Build.0 = Release|Any CPU
		{9D518D66-E40B-4836-93CE-AA4E187E7782}.CD_ROM|x86.ActiveCfg = Release|Any CPU
		{9D518D66-E40B-4836-93CE-AA4E187E7782}.CD_ROM|x86.Build.0 = Release|Any CPU
		{9D518D66-E40B-4836-93CE-AA4E187E7782}.Debug|Any CPU.ActiveCfg = Debug|Any CPU
		{9D518D66-E40B-4836-93CE-AA4E187E7782}.Debug|Any CPU.Build.0 = Debug|Any CPU
		{9D518D66-E40B-4836-93CE-AA4E187E7782}.Debug|Mixed Platforms.ActiveCfg = Debug|Any CPU
		{9D518D66-E40B-4836-93CE-AA4E187E7782}.Debug|Mixed Platforms.Build.0 = Debug|Any CPU
		{9D518D66-E40B-4836-93CE-AA4E187E7782}.Debug|x64.ActiveCfg = Debug|Any CPU
		{9D518D66-E40B-4836-93CE-AA4E187E7782}.Debug|x64.Build.0 = Debug|Any CPU
		{9D518D66-E40B-4836-93CE-AA4E187E7782}.Debug|x86.ActiveCfg = Debug|Any CPU
		{9D518D66-E40B-4836-93CE-AA4E187E7782}.Debug|x86.Build.0 = Debug|Any CPU
		{9D518D66-E40B-4836-93CE-AA4E187E7782}.DVD-5|Any CPU.ActiveCfg = Debug|Any CPU
		{9D518D66-E40B-4836-93CE-AA4E187E7782}.DVD-5|Any CPU.Build.0 = Debug|Any CPU
		{9D518D66-E40B-4836-93CE-AA4E187E7782}.DVD-5|Mixed Platforms.ActiveCfg = Debug|Any CPU
		{9D518D66-E40B-4836-93CE-AA4E187E7782}.DVD-5|Mixed Platforms.Build.0 = Debug|Any CPU
		{9D518D66-E40B-4836-93CE-AA4E187E7782}.DVD-5|x64.ActiveCfg = Debug|Any CPU
		{9D518D66-E40B-4836-93CE-AA4E187E7782}.DVD-5|x64.Build.0 = Debug|Any CPU
		{9D518D66-E40B-4836-93CE-AA4E187E7782}.DVD-5|x86.ActiveCfg = Debug|Any CPU
		{9D518D66-E40B-4836-93CE-AA4E187E7782}.DVD-5|x86.Build.0 = Debug|Any CPU
		{9D518D66-E40B-4836-93CE-AA4E187E7782}.Release|Any CPU.ActiveCfg = Release|Any CPU
		{9D518D66-E40B-4836-93CE-AA4E187E7782}.Release|Any CPU.Build.0 = Release|Any CPU
		{9D518D66-E40B-4836-93CE-AA4E187E7782}.Release|Mixed Platforms.ActiveCfg = Release|Any CPU
		{9D518D66-E40B-4836-93CE-AA4E187E7782}.Release|Mixed Platforms.Build.0 = Release|Any CPU
		{9D518D66-E40B-4836-93CE-AA4E187E7782}.Release|x64.ActiveCfg = Release|Any CPU
		{9D518D66-E40B-4836-93CE-AA4E187E7782}.Release|x64.Build.0 = Release|Any CPU
		{9D518D66-E40B-4836-93CE-AA4E187E7782}.Release|x86.ActiveCfg = Release|Any CPU
		{9D518D66-E40B-4836-93CE-AA4E187E7782}.Release|x86.Build.0 = Release|Any CPU
		{9D518D66-E40B-4836-93CE-AA4E187E7782}.SingleImage|Any CPU.ActiveCfg = Release|Any CPU
		{9D518D66-E40B-4836-93CE-AA4E187E7782}.SingleImage|Any CPU.Build.0 = Release|Any CPU
		{9D518D66-E40B-4836-93CE-AA4E187E7782}.SingleImage|Mixed Platforms.ActiveCfg = Release|Any CPU
		{9D518D66-E40B-4836-93CE-AA4E187E7782}.SingleImage|Mixed Platforms.Build.0 = Release|Any CPU
		{9D518D66-E40B-4836-93CE-AA4E187E7782}.SingleImage|x64.ActiveCfg = Release|Any CPU
		{9D518D66-E40B-4836-93CE-AA4E187E7782}.SingleImage|x64.Build.0 = Release|Any CPU
		{9D518D66-E40B-4836-93CE-AA4E187E7782}.SingleImage|x86.ActiveCfg = Release|Any CPU
		{9D518D66-E40B-4836-93CE-AA4E187E7782}.SingleImage|x86.Build.0 = Release|Any CPU
		{A5CC3E63-0FCC-4262-9189-A266EB3F154C}.CD_ROM|Any CPU.ActiveCfg = Release|Any CPU
		{A5CC3E63-0FCC-4262-9189-A266EB3F154C}.CD_ROM|Any CPU.Build.0 = Release|Any CPU
		{A5CC3E63-0FCC-4262-9189-A266EB3F154C}.CD_ROM|Mixed Platforms.ActiveCfg = Release|Any CPU
		{A5CC3E63-0FCC-4262-9189-A266EB3F154C}.CD_ROM|Mixed Platforms.Build.0 = Release|Any CPU
		{A5CC3E63-0FCC-4262-9189-A266EB3F154C}.CD_ROM|x64.ActiveCfg = Release|Any CPU
		{A5CC3E63-0FCC-4262-9189-A266EB3F154C}.CD_ROM|x64.Build.0 = Release|Any CPU
		{A5CC3E63-0FCC-4262-9189-A266EB3F154C}.CD_ROM|x86.ActiveCfg = Release|Any CPU
		{A5CC3E63-0FCC-4262-9189-A266EB3F154C}.CD_ROM|x86.Build.0 = Release|Any CPU
		{A5CC3E63-0FCC-4262-9189-A266EB3F154C}.Debug|Any CPU.ActiveCfg = Debug|Any CPU
		{A5CC3E63-0FCC-4262-9189-A266EB3F154C}.Debug|Any CPU.Build.0 = Debug|Any CPU
		{A5CC3E63-0FCC-4262-9189-A266EB3F154C}.Debug|Mixed Platforms.ActiveCfg = Debug|Any CPU
		{A5CC3E63-0FCC-4262-9189-A266EB3F154C}.Debug|Mixed Platforms.Build.0 = Debug|Any CPU
		{A5CC3E63-0FCC-4262-9189-A266EB3F154C}.Debug|x64.ActiveCfg = Debug|Any CPU
		{A5CC3E63-0FCC-4262-9189-A266EB3F154C}.Debug|x64.Build.0 = Debug|Any CPU
		{A5CC3E63-0FCC-4262-9189-A266EB3F154C}.Debug|x86.ActiveCfg = Debug|Any CPU
		{A5CC3E63-0FCC-4262-9189-A266EB3F154C}.Debug|x86.Build.0 = Debug|Any CPU
		{A5CC3E63-0FCC-4262-9189-A266EB3F154C}.DVD-5|Any CPU.ActiveCfg = Debug|Any CPU
		{A5CC3E63-0FCC-4262-9189-A266EB3F154C}.DVD-5|Any CPU.Build.0 = Debug|Any CPU
		{A5CC3E63-0FCC-4262-9189-A266EB3F154C}.DVD-5|Mixed Platforms.ActiveCfg = Debug|Any CPU
		{A5CC3E63-0FCC-4262-9189-A266EB3F154C}.DVD-5|Mixed Platforms.Build.0 = Debug|Any CPU
		{A5CC3E63-0FCC-4262-9189-A266EB3F154C}.DVD-5|x64.ActiveCfg = Debug|Any CPU
		{A5CC3E63-0FCC-4262-9189-A266EB3F154C}.DVD-5|x64.Build.0 = Debug|Any CPU
		{A5CC3E63-0FCC-4262-9189-A266EB3F154C}.DVD-5|x86.ActiveCfg = Debug|Any CPU
		{A5CC3E63-0FCC-4262-9189-A266EB3F154C}.DVD-5|x86.Build.0 = Debug|Any CPU
		{A5CC3E63-0FCC-4262-9189-A266EB3F154C}.Release|Any CPU.ActiveCfg = Release|Any CPU
		{A5CC3E63-0FCC-4262-9189-A266EB3F154C}.Release|Any CPU.Build.0 = Release|Any CPU
		{A5CC3E63-0FCC-4262-9189-A266EB3F154C}.Release|Mixed Platforms.ActiveCfg = Release|Any CPU
		{A5CC3E63-0FCC-4262-9189-A266EB3F154C}.Release|Mixed Platforms.Build.0 = Release|Any CPU
		{A5CC3E63-0FCC-4262-9189-A266EB3F154C}.Release|x64.ActiveCfg = Release|Any CPU
		{A5CC3E63-0FCC-4262-9189-A266EB3F154C}.Release|x64.Build.0 = Release|Any CPU
		{A5CC3E63-0FCC-4262-9189-A266EB3F154C}.Release|x86.ActiveCfg = Release|Any CPU
		{A5CC3E63-0FCC-4262-9189-A266EB3F154C}.Release|x86.Build.0 = Release|Any CPU
		{A5CC3E63-0FCC-4262-9189-A266EB3F154C}.SingleImage|Any CPU.ActiveCfg = Release|Any CPU
		{A5CC3E63-0FCC-4262-9189-A266EB3F154C}.SingleImage|Any CPU.Build.0 = Release|Any CPU
		{A5CC3E63-0FCC-4262-9189-A266EB3F154C}.SingleImage|Mixed Platforms.ActiveCfg = Release|Any CPU
		{A5CC3E63-0FCC-4262-9189-A266EB3F154C}.SingleImage|Mixed Platforms.Build.0 = Release|Any CPU
		{A5CC3E63-0FCC-4262-9189-A266EB3F154C}.SingleImage|x64.ActiveCfg = Release|Any CPU
		{A5CC3E63-0FCC-4262-9189-A266EB3F154C}.SingleImage|x64.Build.0 = Release|Any CPU
		{A5CC3E63-0FCC-4262-9189-A266EB3F154C}.SingleImage|x86.ActiveCfg = Release|Any CPU
		{A5CC3E63-0FCC-4262-9189-A266EB3F154C}.SingleImage|x86.Build.0 = Release|Any CPU
		{470938F4-22D4-4732-A377-AEFC897415B2}.CD_ROM|Any CPU.ActiveCfg = Release|Any CPU
		{470938F4-22D4-4732-A377-AEFC897415B2}.CD_ROM|Any CPU.Build.0 = Release|Any CPU
		{470938F4-22D4-4732-A377-AEFC897415B2}.CD_ROM|Mixed Platforms.ActiveCfg = Release|Any CPU
		{470938F4-22D4-4732-A377-AEFC897415B2}.CD_ROM|Mixed Platforms.Build.0 = Release|Any CPU
		{470938F4-22D4-4732-A377-AEFC897415B2}.CD_ROM|x64.ActiveCfg = Release|Any CPU
		{470938F4-22D4-4732-A377-AEFC897415B2}.CD_ROM|x64.Build.0 = Release|Any CPU
		{470938F4-22D4-4732-A377-AEFC897415B2}.CD_ROM|x86.ActiveCfg = Release|Any CPU
		{470938F4-22D4-4732-A377-AEFC897415B2}.CD_ROM|x86.Build.0 = Release|Any CPU
		{470938F4-22D4-4732-A377-AEFC897415B2}.Debug|Any CPU.ActiveCfg = Debug|Any CPU
		{470938F4-22D4-4732-A377-AEFC897415B2}.Debug|Any CPU.Build.0 = Debug|Any CPU
		{470938F4-22D4-4732-A377-AEFC897415B2}.Debug|Mixed Platforms.ActiveCfg = Debug|Any CPU
		{470938F4-22D4-4732-A377-AEFC897415B2}.Debug|Mixed Platforms.Build.0 = Debug|Any CPU
		{470938F4-22D4-4732-A377-AEFC897415B2}.Debug|x64.ActiveCfg = Debug|Any CPU
		{470938F4-22D4-4732-A377-AEFC897415B2}.Debug|x64.Build.0 = Debug|Any CPU
		{470938F4-22D4-4732-A377-AEFC897415B2}.Debug|x86.ActiveCfg = Debug|Any CPU
		{470938F4-22D4-4732-A377-AEFC897415B2}.Debug|x86.Build.0 = Debug|Any CPU
		{470938F4-22D4-4732-A377-AEFC897415B2}.DVD-5|Any CPU.ActiveCfg = Debug|Any CPU
		{470938F4-22D4-4732-A377-AEFC897415B2}.DVD-5|Any CPU.Build.0 = Debug|Any CPU
		{470938F4-22D4-4732-A377-AEFC897415B2}.DVD-5|Mixed Platforms.ActiveCfg = Debug|Any CPU
		{470938F4-22D4-4732-A377-AEFC897415B2}.DVD-5|Mixed Platforms.Build.0 = Debug|Any CPU
		{470938F4-22D4-4732-A377-AEFC897415B2}.DVD-5|x64.ActiveCfg = Debug|Any CPU
		{470938F4-22D4-4732-A377-AEFC897415B2}.DVD-5|x64.Build.0 = Debug|Any CPU
		{470938F4-22D4-4732-A377-AEFC897415B2}.DVD-5|x86.ActiveCfg = Debug|Any CPU
		{470938F4-22D4-4732-A377-AEFC897415B2}.DVD-5|x86.Build.0 = Debug|Any CPU
		{470938F4-22D4-4732-A377-AEFC897415B2}.Release|Any CPU.ActiveCfg = Release|Any CPU
		{470938F4-22D4-4732-A377-AEFC897415B2}.Release|Any CPU.Build.0 = Release|Any CPU
		{470938F4-22D4-4732-A377-AEFC897415B2}.Release|Mixed Platforms.ActiveCfg = Release|Any CPU
		{470938F4-22D4-4732-A377-AEFC897415B2}.Release|Mixed Platforms.Build.0 = Release|Any CPU
		{470938F4-22D4-4732-A377-AEFC897415B2}.Release|x64.ActiveCfg = Release|Any CPU
		{470938F4-22D4-4732-A377-AEFC897415B2}.Release|x64.Build.0 = Release|Any CPU
		{470938F4-22D4-4732-A377-AEFC897415B2}.Release|x86.ActiveCfg = Release|Any CPU
		{470938F4-22D4-4732-A377-AEFC897415B2}.Release|x86.Build.0 = Release|Any CPU
		{470938F4-22D4-4732-A377-AEFC897415B2}.SingleImage|Any CPU.ActiveCfg = Release|Any CPU
		{470938F4-22D4-4732-A377-AEFC897415B2}.SingleImage|Any CPU.Build.0 = Release|Any CPU
		{470938F4-22D4-4732-A377-AEFC897415B2}.SingleImage|Mixed Platforms.ActiveCfg = Release|Any CPU
		{470938F4-22D4-4732-A377-AEFC897415B2}.SingleImage|Mixed Platforms.Build.0 = Release|Any CPU
		{470938F4-22D4-4732-A377-AEFC897415B2}.SingleImage|x64.ActiveCfg = Release|Any CPU
		{470938F4-22D4-4732-A377-AEFC897415B2}.SingleImage|x64.Build.0 = Release|Any CPU
		{470938F4-22D4-4732-A377-AEFC897415B2}.SingleImage|x86.ActiveCfg = Release|Any CPU
		{470938F4-22D4-4732-A377-AEFC897415B2}.SingleImage|x86.Build.0 = Release|Any CPU
		{889DD0FB-1FE4-47BA-BE16-B84D1A3B6BE1}.CD_ROM|Any CPU.ActiveCfg = Debug|Any CPU
		{889DD0FB-1FE4-47BA-BE16-B84D1A3B6BE1}.CD_ROM|Any CPU.Build.0 = Debug|Any CPU
		{889DD0FB-1FE4-47BA-BE16-B84D1A3B6BE1}.CD_ROM|Mixed Platforms.ActiveCfg = Debug|Any CPU
		{889DD0FB-1FE4-47BA-BE16-B84D1A3B6BE1}.CD_ROM|Mixed Platforms.Build.0 = Debug|Any CPU
		{889DD0FB-1FE4-47BA-BE16-B84D1A3B6BE1}.CD_ROM|x64.ActiveCfg = Debug|Any CPU
		{889DD0FB-1FE4-47BA-BE16-B84D1A3B6BE1}.CD_ROM|x64.Build.0 = Debug|Any CPU
		{889DD0FB-1FE4-47BA-BE16-B84D1A3B6BE1}.CD_ROM|x86.ActiveCfg = Debug|Any CPU
		{889DD0FB-1FE4-47BA-BE16-B84D1A3B6BE1}.CD_ROM|x86.Build.0 = Debug|Any CPU
		{889DD0FB-1FE4-47BA-BE16-B84D1A3B6BE1}.Debug|Any CPU.ActiveCfg = Debug|Any CPU
		{889DD0FB-1FE4-47BA-BE16-B84D1A3B6BE1}.Debug|Any CPU.Build.0 = Debug|Any CPU
		{889DD0FB-1FE4-47BA-BE16-B84D1A3B6BE1}.Debug|Mixed Platforms.ActiveCfg = Debug|Any CPU
		{889DD0FB-1FE4-47BA-BE16-B84D1A3B6BE1}.Debug|Mixed Platforms.Build.0 = Debug|Any CPU
		{889DD0FB-1FE4-47BA-BE16-B84D1A3B6BE1}.Debug|x64.ActiveCfg = Debug|Any CPU
		{889DD0FB-1FE4-47BA-BE16-B84D1A3B6BE1}.Debug|x64.Build.0 = Debug|Any CPU
		{889DD0FB-1FE4-47BA-BE16-B84D1A3B6BE1}.Debug|x86.ActiveCfg = Debug|Any CPU
		{889DD0FB-1FE4-47BA-BE16-B84D1A3B6BE1}.Debug|x86.Build.0 = Debug|Any CPU
		{889DD0FB-1FE4-47BA-BE16-B84D1A3B6BE1}.DVD-5|Any CPU.ActiveCfg = Debug|Any CPU
		{889DD0FB-1FE4-47BA-BE16-B84D1A3B6BE1}.DVD-5|Any CPU.Build.0 = Debug|Any CPU
		{889DD0FB-1FE4-47BA-BE16-B84D1A3B6BE1}.DVD-5|Mixed Platforms.ActiveCfg = Debug|Any CPU
		{889DD0FB-1FE4-47BA-BE16-B84D1A3B6BE1}.DVD-5|Mixed Platforms.Build.0 = Debug|Any CPU
		{889DD0FB-1FE4-47BA-BE16-B84D1A3B6BE1}.DVD-5|x64.ActiveCfg = Debug|Any CPU
		{889DD0FB-1FE4-47BA-BE16-B84D1A3B6BE1}.DVD-5|x64.Build.0 = Debug|Any CPU
		{889DD0FB-1FE4-47BA-BE16-B84D1A3B6BE1}.DVD-5|x86.ActiveCfg = Debug|Any CPU
		{889DD0FB-1FE4-47BA-BE16-B84D1A3B6BE1}.DVD-5|x86.Build.0 = Debug|Any CPU
		{889DD0FB-1FE4-47BA-BE16-B84D1A3B6BE1}.Release|Any CPU.ActiveCfg = Release|Any CPU
		{889DD0FB-1FE4-47BA-BE16-B84D1A3B6BE1}.Release|Any CPU.Build.0 = Release|Any CPU
		{889DD0FB-1FE4-47BA-BE16-B84D1A3B6BE1}.Release|Mixed Platforms.ActiveCfg = Release|Any CPU
		{889DD0FB-1FE4-47BA-BE16-B84D1A3B6BE1}.Release|Mixed Platforms.Build.0 = Release|Any CPU
		{889DD0FB-1FE4-47BA-BE16-B84D1A3B6BE1}.Release|x64.ActiveCfg = Release|Any CPU
		{889DD0FB-1FE4-47BA-BE16-B84D1A3B6BE1}.Release|x64.Build.0 = Release|Any CPU
		{889DD0FB-1FE4-47BA-BE16-B84D1A3B6BE1}.Release|x86.ActiveCfg = Release|Any CPU
		{889DD0FB-1FE4-47BA-BE16-B84D1A3B6BE1}.Release|x86.Build.0 = Release|Any CPU
		{889DD0FB-1FE4-47BA-BE16-B84D1A3B6BE1}.SingleImage|Any CPU.ActiveCfg = Debug|Any CPU
		{889DD0FB-1FE4-47BA-BE16-B84D1A3B6BE1}.SingleImage|Any CPU.Build.0 = Debug|Any CPU
		{889DD0FB-1FE4-47BA-BE16-B84D1A3B6BE1}.SingleImage|Mixed Platforms.ActiveCfg = Debug|Any CPU
		{889DD0FB-1FE4-47BA-BE16-B84D1A3B6BE1}.SingleImage|Mixed Platforms.Build.0 = Debug|Any CPU
		{889DD0FB-1FE4-47BA-BE16-B84D1A3B6BE1}.SingleImage|x64.ActiveCfg = Debug|Any CPU
		{889DD0FB-1FE4-47BA-BE16-B84D1A3B6BE1}.SingleImage|x64.Build.0 = Debug|Any CPU
		{889DD0FB-1FE4-47BA-BE16-B84D1A3B6BE1}.SingleImage|x86.ActiveCfg = Debug|Any CPU
		{889DD0FB-1FE4-47BA-BE16-B84D1A3B6BE1}.SingleImage|x86.Build.0 = Debug|Any CPU
		{EAE9D370-E288-46EB-9193-563C6D18EFB7}.CD_ROM|Any CPU.ActiveCfg = Debug|Any CPU
		{EAE9D370-E288-46EB-9193-563C6D18EFB7}.CD_ROM|Any CPU.Build.0 = Debug|Any CPU
		{EAE9D370-E288-46EB-9193-563C6D18EFB7}.CD_ROM|Mixed Platforms.ActiveCfg = Debug|Any CPU
		{EAE9D370-E288-46EB-9193-563C6D18EFB7}.CD_ROM|Mixed Platforms.Build.0 = Debug|Any CPU
		{EAE9D370-E288-46EB-9193-563C6D18EFB7}.CD_ROM|x64.ActiveCfg = Debug|Any CPU
		{EAE9D370-E288-46EB-9193-563C6D18EFB7}.CD_ROM|x64.Build.0 = Debug|Any CPU
		{EAE9D370-E288-46EB-9193-563C6D18EFB7}.CD_ROM|x86.ActiveCfg = Debug|Any CPU
		{EAE9D370-E288-46EB-9193-563C6D18EFB7}.CD_ROM|x86.Build.0 = Debug|Any CPU
		{EAE9D370-E288-46EB-9193-563C6D18EFB7}.Debug|Any CPU.ActiveCfg = Debug|Any CPU
		{EAE9D370-E288-46EB-9193-563C6D18EFB7}.Debug|Any CPU.Build.0 = Debug|Any CPU
		{EAE9D370-E288-46EB-9193-563C6D18EFB7}.Debug|Mixed Platforms.ActiveCfg = Debug|Any CPU
		{EAE9D370-E288-46EB-9193-563C6D18EFB7}.Debug|Mixed Platforms.Build.0 = Debug|Any CPU
		{EAE9D370-E288-46EB-9193-563C6D18EFB7}.Debug|x64.ActiveCfg = Debug|Any CPU
		{EAE9D370-E288-46EB-9193-563C6D18EFB7}.Debug|x64.Build.0 = Debug|Any CPU
		{EAE9D370-E288-46EB-9193-563C6D18EFB7}.Debug|x86.ActiveCfg = Debug|Any CPU
		{EAE9D370-E288-46EB-9193-563C6D18EFB7}.Debug|x86.Build.0 = Debug|Any CPU
		{EAE9D370-E288-46EB-9193-563C6D18EFB7}.DVD-5|Any CPU.ActiveCfg = Debug|Any CPU
		{EAE9D370-E288-46EB-9193-563C6D18EFB7}.DVD-5|Any CPU.Build.0 = Debug|Any CPU
		{EAE9D370-E288-46EB-9193-563C6D18EFB7}.DVD-5|Mixed Platforms.ActiveCfg = Debug|Any CPU
		{EAE9D370-E288-46EB-9193-563C6D18EFB7}.DVD-5|Mixed Platforms.Build.0 = Debug|Any CPU
		{EAE9D370-E288-46EB-9193-563C6D18EFB7}.DVD-5|x64.ActiveCfg = Debug|Any CPU
		{EAE9D370-E288-46EB-9193-563C6D18EFB7}.DVD-5|x64.Build.0 = Debug|Any CPU
		{EAE9D370-E288-46EB-9193-563C6D18EFB7}.DVD-5|x86.ActiveCfg = Debug|Any CPU
		{EAE9D370-E288-46EB-9193-563C6D18EFB7}.DVD-5|x86.Build.0 = Debug|Any CPU
		{EAE9D370-E288-46EB-9193-563C6D18EFB7}.Release|Any CPU.ActiveCfg = Release|Any CPU
		{EAE9D370-E288-46EB-9193-563C6D18EFB7}.Release|Any CPU.Build.0 = Release|Any CPU
		{EAE9D370-E288-46EB-9193-563C6D18EFB7}.Release|Mixed Platforms.ActiveCfg = Release|Any CPU
		{EAE9D370-E288-46EB-9193-563C6D18EFB7}.Release|Mixed Platforms.Build.0 = Release|Any CPU
		{EAE9D370-E288-46EB-9193-563C6D18EFB7}.Release|x64.ActiveCfg = Release|Any CPU
		{EAE9D370-E288-46EB-9193-563C6D18EFB7}.Release|x64.Build.0 = Release|Any CPU
		{EAE9D370-E288-46EB-9193-563C6D18EFB7}.Release|x86.ActiveCfg = Release|Any CPU
		{EAE9D370-E288-46EB-9193-563C6D18EFB7}.Release|x86.Build.0 = Release|Any CPU
		{EAE9D370-E288-46EB-9193-563C6D18EFB7}.SingleImage|Any CPU.ActiveCfg = Debug|Any CPU
		{EAE9D370-E288-46EB-9193-563C6D18EFB7}.SingleImage|Any CPU.Build.0 = Debug|Any CPU
		{EAE9D370-E288-46EB-9193-563C6D18EFB7}.SingleImage|Mixed Platforms.ActiveCfg = Debug|Any CPU
		{EAE9D370-E288-46EB-9193-563C6D18EFB7}.SingleImage|Mixed Platforms.Build.0 = Debug|Any CPU
		{EAE9D370-E288-46EB-9193-563C6D18EFB7}.SingleImage|x64.ActiveCfg = Debug|Any CPU
		{EAE9D370-E288-46EB-9193-563C6D18EFB7}.SingleImage|x64.Build.0 = Debug|Any CPU
		{EAE9D370-E288-46EB-9193-563C6D18EFB7}.SingleImage|x86.ActiveCfg = Debug|Any CPU
		{EAE9D370-E288-46EB-9193-563C6D18EFB7}.SingleImage|x86.Build.0 = Debug|Any CPU
		{CA94DF6D-AC74-4757-96B1-2E2268BBD02F}.CD_ROM|Any CPU.ActiveCfg = Debug|Any CPU
		{CA94DF6D-AC74-4757-96B1-2E2268BBD02F}.CD_ROM|Any CPU.Build.0 = Debug|Any CPU
		{CA94DF6D-AC74-4757-96B1-2E2268BBD02F}.CD_ROM|Mixed Platforms.ActiveCfg = Debug|Any CPU
		{CA94DF6D-AC74-4757-96B1-2E2268BBD02F}.CD_ROM|Mixed Platforms.Build.0 = Debug|Any CPU
		{CA94DF6D-AC74-4757-96B1-2E2268BBD02F}.CD_ROM|x64.ActiveCfg = Debug|Any CPU
		{CA94DF6D-AC74-4757-96B1-2E2268BBD02F}.CD_ROM|x64.Build.0 = Debug|Any CPU
		{CA94DF6D-AC74-4757-96B1-2E2268BBD02F}.CD_ROM|x86.ActiveCfg = Debug|Any CPU
		{CA94DF6D-AC74-4757-96B1-2E2268BBD02F}.CD_ROM|x86.Build.0 = Debug|Any CPU
		{CA94DF6D-AC74-4757-96B1-2E2268BBD02F}.Debug|Any CPU.ActiveCfg = Debug|Any CPU
		{CA94DF6D-AC74-4757-96B1-2E2268BBD02F}.Debug|Any CPU.Build.0 = Debug|Any CPU
		{CA94DF6D-AC74-4757-96B1-2E2268BBD02F}.Debug|Mixed Platforms.ActiveCfg = Debug|Any CPU
		{CA94DF6D-AC74-4757-96B1-2E2268BBD02F}.Debug|Mixed Platforms.Build.0 = Debug|Any CPU
		{CA94DF6D-AC74-4757-96B1-2E2268BBD02F}.Debug|x64.ActiveCfg = Debug|Any CPU
		{CA94DF6D-AC74-4757-96B1-2E2268BBD02F}.Debug|x64.Build.0 = Debug|Any CPU
		{CA94DF6D-AC74-4757-96B1-2E2268BBD02F}.Debug|x86.ActiveCfg = Debug|Any CPU
		{CA94DF6D-AC74-4757-96B1-2E2268BBD02F}.Debug|x86.Build.0 = Debug|Any CPU
		{CA94DF6D-AC74-4757-96B1-2E2268BBD02F}.DVD-5|Any CPU.ActiveCfg = Debug|Any CPU
		{CA94DF6D-AC74-4757-96B1-2E2268BBD02F}.DVD-5|Any CPU.Build.0 = Debug|Any CPU
		{CA94DF6D-AC74-4757-96B1-2E2268BBD02F}.DVD-5|Mixed Platforms.ActiveCfg = Debug|Any CPU
		{CA94DF6D-AC74-4757-96B1-2E2268BBD02F}.DVD-5|Mixed Platforms.Build.0 = Debug|Any CPU
		{CA94DF6D-AC74-4757-96B1-2E2268BBD02F}.DVD-5|x64.ActiveCfg = Debug|Any CPU
		{CA94DF6D-AC74-4757-96B1-2E2268BBD02F}.DVD-5|x64.Build.0 = Debug|Any CPU
		{CA94DF6D-AC74-4757-96B1-2E2268BBD02F}.DVD-5|x86.ActiveCfg = Debug|Any CPU
		{CA94DF6D-AC74-4757-96B1-2E2268BBD02F}.DVD-5|x86.Build.0 = Debug|Any CPU
		{CA94DF6D-AC74-4757-96B1-2E2268BBD02F}.Release|Any CPU.ActiveCfg = Release|Any CPU
		{CA94DF6D-AC74-4757-96B1-2E2268BBD02F}.Release|Any CPU.Build.0 = Release|Any CPU
		{CA94DF6D-AC74-4757-96B1-2E2268BBD02F}.Release|Mixed Platforms.ActiveCfg = Release|Any CPU
		{CA94DF6D-AC74-4757-96B1-2E2268BBD02F}.Release|Mixed Platforms.Build.0 = Release|Any CPU
		{CA94DF6D-AC74-4757-96B1-2E2268BBD02F}.Release|x64.ActiveCfg = Release|Any CPU
		{CA94DF6D-AC74-4757-96B1-2E2268BBD02F}.Release|x64.Build.0 = Release|Any CPU
		{CA94DF6D-AC74-4757-96B1-2E2268BBD02F}.Release|x86.ActiveCfg = Release|Any CPU
		{CA94DF6D-AC74-4757-96B1-2E2268BBD02F}.Release|x86.Build.0 = Release|Any CPU
		{CA94DF6D-AC74-4757-96B1-2E2268BBD02F}.SingleImage|Any CPU.ActiveCfg = Debug|Any CPU
		{CA94DF6D-AC74-4757-96B1-2E2268BBD02F}.SingleImage|Any CPU.Build.0 = Debug|Any CPU
		{CA94DF6D-AC74-4757-96B1-2E2268BBD02F}.SingleImage|Mixed Platforms.ActiveCfg = Debug|Any CPU
		{CA94DF6D-AC74-4757-96B1-2E2268BBD02F}.SingleImage|Mixed Platforms.Build.0 = Debug|Any CPU
		{CA94DF6D-AC74-4757-96B1-2E2268BBD02F}.SingleImage|x64.ActiveCfg = Debug|Any CPU
		{CA94DF6D-AC74-4757-96B1-2E2268BBD02F}.SingleImage|x64.Build.0 = Debug|Any CPU
		{CA94DF6D-AC74-4757-96B1-2E2268BBD02F}.SingleImage|x86.ActiveCfg = Debug|Any CPU
		{CA94DF6D-AC74-4757-96B1-2E2268BBD02F}.SingleImage|x86.Build.0 = Debug|Any CPU
		{5DCF2A30-1C40-429C-85F6-8FF4635EB7D4}.CD_ROM|Any CPU.ActiveCfg = Debug|Any CPU
		{5DCF2A30-1C40-429C-85F6-8FF4635EB7D4}.CD_ROM|Any CPU.Build.0 = Debug|Any CPU
		{5DCF2A30-1C40-429C-85F6-8FF4635EB7D4}.CD_ROM|Mixed Platforms.ActiveCfg = Debug|Any CPU
		{5DCF2A30-1C40-429C-85F6-8FF4635EB7D4}.CD_ROM|Mixed Platforms.Build.0 = Debug|Any CPU
		{5DCF2A30-1C40-429C-85F6-8FF4635EB7D4}.CD_ROM|x64.ActiveCfg = Debug|Any CPU
		{5DCF2A30-1C40-429C-85F6-8FF4635EB7D4}.CD_ROM|x64.Build.0 = Debug|Any CPU
		{5DCF2A30-1C40-429C-85F6-8FF4635EB7D4}.CD_ROM|x86.ActiveCfg = Debug|Any CPU
		{5DCF2A30-1C40-429C-85F6-8FF4635EB7D4}.CD_ROM|x86.Build.0 = Debug|Any CPU
		{5DCF2A30-1C40-429C-85F6-8FF4635EB7D4}.Debug|Any CPU.ActiveCfg = Debug|Any CPU
		{5DCF2A30-1C40-429C-85F6-8FF4635EB7D4}.Debug|Any CPU.Build.0 = Debug|Any CPU
		{5DCF2A30-1C40-429C-85F6-8FF4635EB7D4}.Debug|Mixed Platforms.ActiveCfg = Debug|Any CPU
		{5DCF2A30-1C40-429C-85F6-8FF4635EB7D4}.Debug|Mixed Platforms.Build.0 = Debug|Any CPU
		{5DCF2A30-1C40-429C-85F6-8FF4635EB7D4}.Debug|x64.ActiveCfg = Debug|Any CPU
		{5DCF2A30-1C40-429C-85F6-8FF4635EB7D4}.Debug|x64.Build.0 = Debug|Any CPU
		{5DCF2A30-1C40-429C-85F6-8FF4635EB7D4}.Debug|x86.ActiveCfg = Debug|Any CPU
		{5DCF2A30-1C40-429C-85F6-8FF4635EB7D4}.Debug|x86.Build.0 = Debug|Any CPU
		{5DCF2A30-1C40-429C-85F6-8FF4635EB7D4}.DVD-5|Any CPU.ActiveCfg = Debug|Any CPU
		{5DCF2A30-1C40-429C-85F6-8FF4635EB7D4}.DVD-5|Any CPU.Build.0 = Debug|Any CPU
		{5DCF2A30-1C40-429C-85F6-8FF4635EB7D4}.DVD-5|Mixed Platforms.ActiveCfg = Debug|Any CPU
		{5DCF2A30-1C40-429C-85F6-8FF4635EB7D4}.DVD-5|Mixed Platforms.Build.0 = Debug|Any CPU
		{5DCF2A30-1C40-429C-85F6-8FF4635EB7D4}.DVD-5|x64.ActiveCfg = Debug|Any CPU
		{5DCF2A30-1C40-429C-85F6-8FF4635EB7D4}.DVD-5|x64.Build.0 = Debug|Any CPU
		{5DCF2A30-1C40-429C-85F6-8FF4635EB7D4}.DVD-5|x86.ActiveCfg = Debug|Any CPU
		{5DCF2A30-1C40-429C-85F6-8FF4635EB7D4}.DVD-5|x86.Build.0 = Debug|Any CPU
		{5DCF2A30-1C40-429C-85F6-8FF4635EB7D4}.Release|Any CPU.ActiveCfg = Release|Any CPU
		{5DCF2A30-1C40-429C-85F6-8FF4635EB7D4}.Release|Any CPU.Build.0 = Release|Any CPU
		{5DCF2A30-1C40-429C-85F6-8FF4635EB7D4}.Release|Mixed Platforms.ActiveCfg = Release|Any CPU
		{5DCF2A30-1C40-429C-85F6-8FF4635EB7D4}.Release|Mixed Platforms.Build.0 = Release|Any CPU
		{5DCF2A30-1C40-429C-85F6-8FF4635EB7D4}.Release|x64.ActiveCfg = Release|Any CPU
		{5DCF2A30-1C40-429C-85F6-8FF4635EB7D4}.Release|x64.Build.0 = Release|Any CPU
		{5DCF2A30-1C40-429C-85F6-8FF4635EB7D4}.Release|x86.ActiveCfg = Release|Any CPU
		{5DCF2A30-1C40-429C-85F6-8FF4635EB7D4}.Release|x86.Build.0 = Release|Any CPU
		{5DCF2A30-1C40-429C-85F6-8FF4635EB7D4}.SingleImage|Any CPU.ActiveCfg = Debug|Any CPU
		{5DCF2A30-1C40-429C-85F6-8FF4635EB7D4}.SingleImage|Any CPU.Build.0 = Debug|Any CPU
		{5DCF2A30-1C40-429C-85F6-8FF4635EB7D4}.SingleImage|Mixed Platforms.ActiveCfg = Debug|Any CPU
		{5DCF2A30-1C40-429C-85F6-8FF4635EB7D4}.SingleImage|Mixed Platforms.Build.0 = Debug|Any CPU
		{5DCF2A30-1C40-429C-85F6-8FF4635EB7D4}.SingleImage|x64.ActiveCfg = Debug|Any CPU
		{5DCF2A30-1C40-429C-85F6-8FF4635EB7D4}.SingleImage|x64.Build.0 = Debug|Any CPU
		{5DCF2A30-1C40-429C-85F6-8FF4635EB7D4}.SingleImage|x86.ActiveCfg = Debug|Any CPU
		{5DCF2A30-1C40-429C-85F6-8FF4635EB7D4}.SingleImage|x86.Build.0 = Debug|Any CPU
		{05126307-4797-43C1-9DDC-9787EE38ABD0}.CD_ROM|Any CPU.ActiveCfg = Debug|Any CPU
		{05126307-4797-43C1-9DDC-9787EE38ABD0}.CD_ROM|Any CPU.Build.0 = Debug|Any CPU
		{05126307-4797-43C1-9DDC-9787EE38ABD0}.CD_ROM|Mixed Platforms.ActiveCfg = Debug|Any CPU
		{05126307-4797-43C1-9DDC-9787EE38ABD0}.CD_ROM|Mixed Platforms.Build.0 = Debug|Any CPU
		{05126307-4797-43C1-9DDC-9787EE38ABD0}.CD_ROM|x64.ActiveCfg = Debug|Any CPU
		{05126307-4797-43C1-9DDC-9787EE38ABD0}.CD_ROM|x64.Build.0 = Debug|Any CPU
		{05126307-4797-43C1-9DDC-9787EE38ABD0}.CD_ROM|x86.ActiveCfg = Debug|Any CPU
		{05126307-4797-43C1-9DDC-9787EE38ABD0}.CD_ROM|x86.Build.0 = Debug|Any CPU
		{05126307-4797-43C1-9DDC-9787EE38ABD0}.Debug|Any CPU.ActiveCfg = Debug|Any CPU
		{05126307-4797-43C1-9DDC-9787EE38ABD0}.Debug|Any CPU.Build.0 = Debug|Any CPU
		{05126307-4797-43C1-9DDC-9787EE38ABD0}.Debug|Mixed Platforms.ActiveCfg = Debug|Any CPU
		{05126307-4797-43C1-9DDC-9787EE38ABD0}.Debug|Mixed Platforms.Build.0 = Debug|Any CPU
		{05126307-4797-43C1-9DDC-9787EE38ABD0}.Debug|x64.ActiveCfg = Debug|Any CPU
		{05126307-4797-43C1-9DDC-9787EE38ABD0}.Debug|x64.Build.0 = Debug|Any CPU
		{05126307-4797-43C1-9DDC-9787EE38ABD0}.Debug|x86.ActiveCfg = Debug|Any CPU
		{05126307-4797-43C1-9DDC-9787EE38ABD0}.Debug|x86.Build.0 = Debug|Any CPU
		{05126307-4797-43C1-9DDC-9787EE38ABD0}.DVD-5|Any CPU.ActiveCfg = Debug|Any CPU
		{05126307-4797-43C1-9DDC-9787EE38ABD0}.DVD-5|Any CPU.Build.0 = Debug|Any CPU
		{05126307-4797-43C1-9DDC-9787EE38ABD0}.DVD-5|Mixed Platforms.ActiveCfg = Debug|Any CPU
		{05126307-4797-43C1-9DDC-9787EE38ABD0}.DVD-5|Mixed Platforms.Build.0 = Debug|Any CPU
		{05126307-4797-43C1-9DDC-9787EE38ABD0}.DVD-5|x64.ActiveCfg = Debug|Any CPU
		{05126307-4797-43C1-9DDC-9787EE38ABD0}.DVD-5|x64.Build.0 = Debug|Any CPU
		{05126307-4797-43C1-9DDC-9787EE38ABD0}.DVD-5|x86.ActiveCfg = Debug|Any CPU
		{05126307-4797-43C1-9DDC-9787EE38ABD0}.DVD-5|x86.Build.0 = Debug|Any CPU
		{05126307-4797-43C1-9DDC-9787EE38ABD0}.Release|Any CPU.ActiveCfg = Release|Any CPU
		{05126307-4797-43C1-9DDC-9787EE38ABD0}.Release|Any CPU.Build.0 = Release|Any CPU
		{05126307-4797-43C1-9DDC-9787EE38ABD0}.Release|Mixed Platforms.ActiveCfg = Release|Any CPU
		{05126307-4797-43C1-9DDC-9787EE38ABD0}.Release|Mixed Platforms.Build.0 = Release|Any CPU
		{05126307-4797-43C1-9DDC-9787EE38ABD0}.Release|x64.ActiveCfg = Release|Any CPU
		{05126307-4797-43C1-9DDC-9787EE38ABD0}.Release|x64.Build.0 = Release|Any CPU
		{05126307-4797-43C1-9DDC-9787EE38ABD0}.Release|x86.ActiveCfg = Release|Any CPU
		{05126307-4797-43C1-9DDC-9787EE38ABD0}.Release|x86.Build.0 = Release|Any CPU
		{05126307-4797-43C1-9DDC-9787EE38ABD0}.SingleImage|Any CPU.ActiveCfg = Debug|Any CPU
		{05126307-4797-43C1-9DDC-9787EE38ABD0}.SingleImage|Any CPU.Build.0 = Debug|Any CPU
		{05126307-4797-43C1-9DDC-9787EE38ABD0}.SingleImage|Mixed Platforms.ActiveCfg = Debug|Any CPU
		{05126307-4797-43C1-9DDC-9787EE38ABD0}.SingleImage|Mixed Platforms.Build.0 = Debug|Any CPU
		{05126307-4797-43C1-9DDC-9787EE38ABD0}.SingleImage|x64.ActiveCfg = Debug|Any CPU
		{05126307-4797-43C1-9DDC-9787EE38ABD0}.SingleImage|x64.Build.0 = Debug|Any CPU
		{05126307-4797-43C1-9DDC-9787EE38ABD0}.SingleImage|x86.ActiveCfg = Debug|Any CPU
		{05126307-4797-43C1-9DDC-9787EE38ABD0}.SingleImage|x86.Build.0 = Debug|Any CPU
		{1951964B-FBC2-4649-8F4C-DD5117FDFD55}.CD_ROM|Any CPU.ActiveCfg = Debug|Any CPU
		{1951964B-FBC2-4649-8F4C-DD5117FDFD55}.CD_ROM|Any CPU.Build.0 = Debug|Any CPU
		{1951964B-FBC2-4649-8F4C-DD5117FDFD55}.CD_ROM|Mixed Platforms.ActiveCfg = Debug|Any CPU
		{1951964B-FBC2-4649-8F4C-DD5117FDFD55}.CD_ROM|Mixed Platforms.Build.0 = Debug|Any CPU
		{1951964B-FBC2-4649-8F4C-DD5117FDFD55}.CD_ROM|x64.ActiveCfg = Debug|Any CPU
		{1951964B-FBC2-4649-8F4C-DD5117FDFD55}.CD_ROM|x64.Build.0 = Debug|Any CPU
		{1951964B-FBC2-4649-8F4C-DD5117FDFD55}.CD_ROM|x86.ActiveCfg = Debug|Any CPU
		{1951964B-FBC2-4649-8F4C-DD5117FDFD55}.CD_ROM|x86.Build.0 = Debug|Any CPU
		{1951964B-FBC2-4649-8F4C-DD5117FDFD55}.Debug|Any CPU.ActiveCfg = Debug|Any CPU
		{1951964B-FBC2-4649-8F4C-DD5117FDFD55}.Debug|Any CPU.Build.0 = Debug|Any CPU
		{1951964B-FBC2-4649-8F4C-DD5117FDFD55}.Debug|Mixed Platforms.ActiveCfg = Debug|Any CPU
		{1951964B-FBC2-4649-8F4C-DD5117FDFD55}.Debug|Mixed Platforms.Build.0 = Debug|Any CPU
		{1951964B-FBC2-4649-8F4C-DD5117FDFD55}.Debug|x64.ActiveCfg = Debug|Any CPU
		{1951964B-FBC2-4649-8F4C-DD5117FDFD55}.Debug|x64.Build.0 = Debug|Any CPU
		{1951964B-FBC2-4649-8F4C-DD5117FDFD55}.Debug|x86.ActiveCfg = Debug|Any CPU
		{1951964B-FBC2-4649-8F4C-DD5117FDFD55}.Debug|x86.Build.0 = Debug|Any CPU
		{1951964B-FBC2-4649-8F4C-DD5117FDFD55}.DVD-5|Any CPU.ActiveCfg = Debug|Any CPU
		{1951964B-FBC2-4649-8F4C-DD5117FDFD55}.DVD-5|Any CPU.Build.0 = Debug|Any CPU
		{1951964B-FBC2-4649-8F4C-DD5117FDFD55}.DVD-5|Mixed Platforms.ActiveCfg = Debug|Any CPU
		{1951964B-FBC2-4649-8F4C-DD5117FDFD55}.DVD-5|Mixed Platforms.Build.0 = Debug|Any CPU
		{1951964B-FBC2-4649-8F4C-DD5117FDFD55}.DVD-5|x64.ActiveCfg = Debug|Any CPU
		{1951964B-FBC2-4649-8F4C-DD5117FDFD55}.DVD-5|x64.Build.0 = Debug|Any CPU
		{1951964B-FBC2-4649-8F4C-DD5117FDFD55}.DVD-5|x86.ActiveCfg = Debug|Any CPU
		{1951964B-FBC2-4649-8F4C-DD5117FDFD55}.DVD-5|x86.Build.0 = Debug|Any CPU
		{1951964B-FBC2-4649-8F4C-DD5117FDFD55}.Release|Any CPU.ActiveCfg = Release|Any CPU
		{1951964B-FBC2-4649-8F4C-DD5117FDFD55}.Release|Any CPU.Build.0 = Release|Any CPU
		{1951964B-FBC2-4649-8F4C-DD5117FDFD55}.Release|Mixed Platforms.ActiveCfg = Release|Any CPU
		{1951964B-FBC2-4649-8F4C-DD5117FDFD55}.Release|Mixed Platforms.Build.0 = Release|Any CPU
		{1951964B-FBC2-4649-8F4C-DD5117FDFD55}.Release|x64.ActiveCfg = Release|Any CPU
		{1951964B-FBC2-4649-8F4C-DD5117FDFD55}.Release|x64.Build.0 = Release|Any CPU
		{1951964B-FBC2-4649-8F4C-DD5117FDFD55}.Release|x86.ActiveCfg = Release|Any CPU
		{1951964B-FBC2-4649-8F4C-DD5117FDFD55}.Release|x86.Build.0 = Release|Any CPU
		{1951964B-FBC2-4649-8F4C-DD5117FDFD55}.SingleImage|Any CPU.ActiveCfg = Debug|Any CPU
		{1951964B-FBC2-4649-8F4C-DD5117FDFD55}.SingleImage|Any CPU.Build.0 = Debug|Any CPU
		{1951964B-FBC2-4649-8F4C-DD5117FDFD55}.SingleImage|Mixed Platforms.ActiveCfg = Debug|Any CPU
		{1951964B-FBC2-4649-8F4C-DD5117FDFD55}.SingleImage|Mixed Platforms.Build.0 = Debug|Any CPU
		{1951964B-FBC2-4649-8F4C-DD5117FDFD55}.SingleImage|x64.ActiveCfg = Debug|Any CPU
		{1951964B-FBC2-4649-8F4C-DD5117FDFD55}.SingleImage|x64.Build.0 = Debug|Any CPU
		{1951964B-FBC2-4649-8F4C-DD5117FDFD55}.SingleImage|x86.ActiveCfg = Debug|Any CPU
		{1951964B-FBC2-4649-8F4C-DD5117FDFD55}.SingleImage|x86.Build.0 = Debug|Any CPU
		{D8892BE9-4986-41C4-AA28-52CF5208DEEA}.CD_ROM|Any CPU.ActiveCfg = Debug|Any CPU
		{D8892BE9-4986-41C4-AA28-52CF5208DEEA}.CD_ROM|Any CPU.Build.0 = Debug|Any CPU
		{D8892BE9-4986-41C4-AA28-52CF5208DEEA}.CD_ROM|Mixed Platforms.ActiveCfg = Debug|Any CPU
		{D8892BE9-4986-41C4-AA28-52CF5208DEEA}.CD_ROM|Mixed Platforms.Build.0 = Debug|Any CPU
		{D8892BE9-4986-41C4-AA28-52CF5208DEEA}.CD_ROM|x64.ActiveCfg = Debug|Any CPU
		{D8892BE9-4986-41C4-AA28-52CF5208DEEA}.CD_ROM|x64.Build.0 = Debug|Any CPU
		{D8892BE9-4986-41C4-AA28-52CF5208DEEA}.CD_ROM|x86.ActiveCfg = Debug|Any CPU
		{D8892BE9-4986-41C4-AA28-52CF5208DEEA}.CD_ROM|x86.Build.0 = Debug|Any CPU
		{D8892BE9-4986-41C4-AA28-52CF5208DEEA}.Debug|Any CPU.ActiveCfg = Debug|Any CPU
		{D8892BE9-4986-41C4-AA28-52CF5208DEEA}.Debug|Any CPU.Build.0 = Debug|Any CPU
		{D8892BE9-4986-41C4-AA28-52CF5208DEEA}.Debug|Mixed Platforms.ActiveCfg = Debug|Any CPU
		{D8892BE9-4986-41C4-AA28-52CF5208DEEA}.Debug|Mixed Platforms.Build.0 = Debug|Any CPU
		{D8892BE9-4986-41C4-AA28-52CF5208DEEA}.Debug|x64.ActiveCfg = Debug|Any CPU
		{D8892BE9-4986-41C4-AA28-52CF5208DEEA}.Debug|x64.Build.0 = Debug|Any CPU
		{D8892BE9-4986-41C4-AA28-52CF5208DEEA}.Debug|x86.ActiveCfg = Debug|Any CPU
		{D8892BE9-4986-41C4-AA28-52CF5208DEEA}.Debug|x86.Build.0 = Debug|Any CPU
		{D8892BE9-4986-41C4-AA28-52CF5208DEEA}.DVD-5|Any CPU.ActiveCfg = Debug|Any CPU
		{D8892BE9-4986-41C4-AA28-52CF5208DEEA}.DVD-5|Any CPU.Build.0 = Debug|Any CPU
		{D8892BE9-4986-41C4-AA28-52CF5208DEEA}.DVD-5|Mixed Platforms.ActiveCfg = Debug|Any CPU
		{D8892BE9-4986-41C4-AA28-52CF5208DEEA}.DVD-5|Mixed Platforms.Build.0 = Debug|Any CPU
		{D8892BE9-4986-41C4-AA28-52CF5208DEEA}.DVD-5|x64.ActiveCfg = Debug|Any CPU
		{D8892BE9-4986-41C4-AA28-52CF5208DEEA}.DVD-5|x64.Build.0 = Debug|Any CPU
		{D8892BE9-4986-41C4-AA28-52CF5208DEEA}.DVD-5|x86.ActiveCfg = Debug|Any CPU
		{D8892BE9-4986-41C4-AA28-52CF5208DEEA}.DVD-5|x86.Build.0 = Debug|Any CPU
		{D8892BE9-4986-41C4-AA28-52CF5208DEEA}.Release|Any CPU.ActiveCfg = Release|Any CPU
		{D8892BE9-4986-41C4-AA28-52CF5208DEEA}.Release|Any CPU.Build.0 = Release|Any CPU
		{D8892BE9-4986-41C4-AA28-52CF5208DEEA}.Release|Mixed Platforms.ActiveCfg = Release|Any CPU
		{D8892BE9-4986-41C4-AA28-52CF5208DEEA}.Release|Mixed Platforms.Build.0 = Release|Any CPU
		{D8892BE9-4986-41C4-AA28-52CF5208DEEA}.Release|x64.ActiveCfg = Release|Any CPU
		{D8892BE9-4986-41C4-AA28-52CF5208DEEA}.Release|x64.Build.0 = Release|Any CPU
		{D8892BE9-4986-41C4-AA28-52CF5208DEEA}.Release|x86.ActiveCfg = Release|Any CPU
		{D8892BE9-4986-41C4-AA28-52CF5208DEEA}.Release|x86.Build.0 = Release|Any CPU
		{D8892BE9-4986-41C4-AA28-52CF5208DEEA}.SingleImage|Any CPU.ActiveCfg = Debug|Any CPU
		{D8892BE9-4986-41C4-AA28-52CF5208DEEA}.SingleImage|Any CPU.Build.0 = Debug|Any CPU
		{D8892BE9-4986-41C4-AA28-52CF5208DEEA}.SingleImage|Mixed Platforms.ActiveCfg = Debug|Any CPU
		{D8892BE9-4986-41C4-AA28-52CF5208DEEA}.SingleImage|Mixed Platforms.Build.0 = Debug|Any CPU
		{D8892BE9-4986-41C4-AA28-52CF5208DEEA}.SingleImage|x64.ActiveCfg = Debug|Any CPU
		{D8892BE9-4986-41C4-AA28-52CF5208DEEA}.SingleImage|x64.Build.0 = Debug|Any CPU
		{D8892BE9-4986-41C4-AA28-52CF5208DEEA}.SingleImage|x86.ActiveCfg = Debug|Any CPU
		{D8892BE9-4986-41C4-AA28-52CF5208DEEA}.SingleImage|x86.Build.0 = Debug|Any CPU
		{456EFAB7-C315-4F33-863D-6AF3658E3EEE}.CD_ROM|Any CPU.ActiveCfg = Debug|Any CPU
		{456EFAB7-C315-4F33-863D-6AF3658E3EEE}.CD_ROM|Any CPU.Build.0 = Debug|Any CPU
		{456EFAB7-C315-4F33-863D-6AF3658E3EEE}.CD_ROM|Mixed Platforms.ActiveCfg = Debug|Any CPU
		{456EFAB7-C315-4F33-863D-6AF3658E3EEE}.CD_ROM|Mixed Platforms.Build.0 = Debug|Any CPU
		{456EFAB7-C315-4F33-863D-6AF3658E3EEE}.CD_ROM|x64.ActiveCfg = Debug|Any CPU
		{456EFAB7-C315-4F33-863D-6AF3658E3EEE}.CD_ROM|x64.Build.0 = Debug|Any CPU
		{456EFAB7-C315-4F33-863D-6AF3658E3EEE}.CD_ROM|x86.ActiveCfg = Debug|Any CPU
		{456EFAB7-C315-4F33-863D-6AF3658E3EEE}.CD_ROM|x86.Build.0 = Debug|Any CPU
		{456EFAB7-C315-4F33-863D-6AF3658E3EEE}.Debug|Any CPU.ActiveCfg = Debug|Any CPU
		{456EFAB7-C315-4F33-863D-6AF3658E3EEE}.Debug|Any CPU.Build.0 = Debug|Any CPU
		{456EFAB7-C315-4F33-863D-6AF3658E3EEE}.Debug|Mixed Platforms.ActiveCfg = Debug|Any CPU
		{456EFAB7-C315-4F33-863D-6AF3658E3EEE}.Debug|Mixed Platforms.Build.0 = Debug|Any CPU
		{456EFAB7-C315-4F33-863D-6AF3658E3EEE}.Debug|x64.ActiveCfg = Debug|Any CPU
		{456EFAB7-C315-4F33-863D-6AF3658E3EEE}.Debug|x64.Build.0 = Debug|Any CPU
		{456EFAB7-C315-4F33-863D-6AF3658E3EEE}.Debug|x86.ActiveCfg = Debug|Any CPU
		{456EFAB7-C315-4F33-863D-6AF3658E3EEE}.Debug|x86.Build.0 = Debug|Any CPU
		{456EFAB7-C315-4F33-863D-6AF3658E3EEE}.DVD-5|Any CPU.ActiveCfg = Debug|Any CPU
		{456EFAB7-C315-4F33-863D-6AF3658E3EEE}.DVD-5|Any CPU.Build.0 = Debug|Any CPU
		{456EFAB7-C315-4F33-863D-6AF3658E3EEE}.DVD-5|Mixed Platforms.ActiveCfg = Debug|Any CPU
		{456EFAB7-C315-4F33-863D-6AF3658E3EEE}.DVD-5|Mixed Platforms.Build.0 = Debug|Any CPU
		{456EFAB7-C315-4F33-863D-6AF3658E3EEE}.DVD-5|x64.ActiveCfg = Debug|Any CPU
		{456EFAB7-C315-4F33-863D-6AF3658E3EEE}.DVD-5|x64.Build.0 = Debug|Any CPU
		{456EFAB7-C315-4F33-863D-6AF3658E3EEE}.DVD-5|x86.ActiveCfg = Debug|Any CPU
		{456EFAB7-C315-4F33-863D-6AF3658E3EEE}.DVD-5|x86.Build.0 = Debug|Any CPU
		{456EFAB7-C315-4F33-863D-6AF3658E3EEE}.Release|Any CPU.ActiveCfg = Release|Any CPU
		{456EFAB7-C315-4F33-863D-6AF3658E3EEE}.Release|Any CPU.Build.0 = Release|Any CPU
		{456EFAB7-C315-4F33-863D-6AF3658E3EEE}.Release|Mixed Platforms.ActiveCfg = Release|Any CPU
		{456EFAB7-C315-4F33-863D-6AF3658E3EEE}.Release|Mixed Platforms.Build.0 = Release|Any CPU
		{456EFAB7-C315-4F33-863D-6AF3658E3EEE}.Release|x64.ActiveCfg = Release|Any CPU
		{456EFAB7-C315-4F33-863D-6AF3658E3EEE}.Release|x64.Build.0 = Release|Any CPU
		{456EFAB7-C315-4F33-863D-6AF3658E3EEE}.Release|x86.ActiveCfg = Release|Any CPU
		{456EFAB7-C315-4F33-863D-6AF3658E3EEE}.Release|x86.Build.0 = Release|Any CPU
		{456EFAB7-C315-4F33-863D-6AF3658E3EEE}.SingleImage|Any CPU.ActiveCfg = Debug|Any CPU
		{456EFAB7-C315-4F33-863D-6AF3658E3EEE}.SingleImage|Any CPU.Build.0 = Debug|Any CPU
		{456EFAB7-C315-4F33-863D-6AF3658E3EEE}.SingleImage|Mixed Platforms.ActiveCfg = Debug|Any CPU
		{456EFAB7-C315-4F33-863D-6AF3658E3EEE}.SingleImage|Mixed Platforms.Build.0 = Debug|Any CPU
		{456EFAB7-C315-4F33-863D-6AF3658E3EEE}.SingleImage|x64.ActiveCfg = Debug|Any CPU
		{456EFAB7-C315-4F33-863D-6AF3658E3EEE}.SingleImage|x64.Build.0 = Debug|Any CPU
		{456EFAB7-C315-4F33-863D-6AF3658E3EEE}.SingleImage|x86.ActiveCfg = Debug|Any CPU
		{456EFAB7-C315-4F33-863D-6AF3658E3EEE}.SingleImage|x86.Build.0 = Debug|Any CPU
		{C0CA6AED-F2C1-4773-A72B-24EB845B122B}.CD_ROM|Any CPU.ActiveCfg = Debug|Any CPU
		{C0CA6AED-F2C1-4773-A72B-24EB845B122B}.CD_ROM|Any CPU.Build.0 = Debug|Any CPU
		{C0CA6AED-F2C1-4773-A72B-24EB845B122B}.CD_ROM|Mixed Platforms.ActiveCfg = Debug|Any CPU
		{C0CA6AED-F2C1-4773-A72B-24EB845B122B}.CD_ROM|Mixed Platforms.Build.0 = Debug|Any CPU
		{C0CA6AED-F2C1-4773-A72B-24EB845B122B}.CD_ROM|x64.ActiveCfg = Debug|Any CPU
		{C0CA6AED-F2C1-4773-A72B-24EB845B122B}.CD_ROM|x64.Build.0 = Debug|Any CPU
		{C0CA6AED-F2C1-4773-A72B-24EB845B122B}.CD_ROM|x86.ActiveCfg = Debug|Any CPU
		{C0CA6AED-F2C1-4773-A72B-24EB845B122B}.CD_ROM|x86.Build.0 = Debug|Any CPU
		{C0CA6AED-F2C1-4773-A72B-24EB845B122B}.Debug|Any CPU.ActiveCfg = Debug|Any CPU
		{C0CA6AED-F2C1-4773-A72B-24EB845B122B}.Debug|Any CPU.Build.0 = Debug|Any CPU
		{C0CA6AED-F2C1-4773-A72B-24EB845B122B}.Debug|Mixed Platforms.ActiveCfg = Debug|Any CPU
		{C0CA6AED-F2C1-4773-A72B-24EB845B122B}.Debug|Mixed Platforms.Build.0 = Debug|Any CPU
		{C0CA6AED-F2C1-4773-A72B-24EB845B122B}.Debug|x64.ActiveCfg = Debug|Any CPU
		{C0CA6AED-F2C1-4773-A72B-24EB845B122B}.Debug|x64.Build.0 = Debug|Any CPU
		{C0CA6AED-F2C1-4773-A72B-24EB845B122B}.Debug|x86.ActiveCfg = Debug|Any CPU
		{C0CA6AED-F2C1-4773-A72B-24EB845B122B}.Debug|x86.Build.0 = Debug|Any CPU
		{C0CA6AED-F2C1-4773-A72B-24EB845B122B}.DVD-5|Any CPU.ActiveCfg = Debug|Any CPU
		{C0CA6AED-F2C1-4773-A72B-24EB845B122B}.DVD-5|Any CPU.Build.0 = Debug|Any CPU
		{C0CA6AED-F2C1-4773-A72B-24EB845B122B}.DVD-5|Mixed Platforms.ActiveCfg = Debug|Any CPU
		{C0CA6AED-F2C1-4773-A72B-24EB845B122B}.DVD-5|Mixed Platforms.Build.0 = Debug|Any CPU
		{C0CA6AED-F2C1-4773-A72B-24EB845B122B}.DVD-5|x64.ActiveCfg = Debug|Any CPU
		{C0CA6AED-F2C1-4773-A72B-24EB845B122B}.DVD-5|x64.Build.0 = Debug|Any CPU
		{C0CA6AED-F2C1-4773-A72B-24EB845B122B}.DVD-5|x86.ActiveCfg = Debug|Any CPU
		{C0CA6AED-F2C1-4773-A72B-24EB845B122B}.DVD-5|x86.Build.0 = Debug|Any CPU
		{C0CA6AED-F2C1-4773-A72B-24EB845B122B}.Release|Any CPU.ActiveCfg = Release|Any CPU
		{C0CA6AED-F2C1-4773-A72B-24EB845B122B}.Release|Any CPU.Build.0 = Release|Any CPU
		{C0CA6AED-F2C1-4773-A72B-24EB845B122B}.Release|Mixed Platforms.ActiveCfg = Release|Any CPU
		{C0CA6AED-F2C1-4773-A72B-24EB845B122B}.Release|Mixed Platforms.Build.0 = Release|Any CPU
		{C0CA6AED-F2C1-4773-A72B-24EB845B122B}.Release|x64.ActiveCfg = Release|Any CPU
		{C0CA6AED-F2C1-4773-A72B-24EB845B122B}.Release|x64.Build.0 = Release|Any CPU
		{C0CA6AED-F2C1-4773-A72B-24EB845B122B}.Release|x86.ActiveCfg = Release|Any CPU
		{C0CA6AED-F2C1-4773-A72B-24EB845B122B}.Release|x86.Build.0 = Release|Any CPU
		{C0CA6AED-F2C1-4773-A72B-24EB845B122B}.SingleImage|Any CPU.ActiveCfg = Debug|Any CPU
		{C0CA6AED-F2C1-4773-A72B-24EB845B122B}.SingleImage|Any CPU.Build.0 = Debug|Any CPU
		{C0CA6AED-F2C1-4773-A72B-24EB845B122B}.SingleImage|Mixed Platforms.ActiveCfg = Debug|Any CPU
		{C0CA6AED-F2C1-4773-A72B-24EB845B122B}.SingleImage|Mixed Platforms.Build.0 = Debug|Any CPU
		{C0CA6AED-F2C1-4773-A72B-24EB845B122B}.SingleImage|x64.ActiveCfg = Debug|Any CPU
		{C0CA6AED-F2C1-4773-A72B-24EB845B122B}.SingleImage|x64.Build.0 = Debug|Any CPU
		{C0CA6AED-F2C1-4773-A72B-24EB845B122B}.SingleImage|x86.ActiveCfg = Debug|Any CPU
		{C0CA6AED-F2C1-4773-A72B-24EB845B122B}.SingleImage|x86.Build.0 = Debug|Any CPU
		{28EFE14C-E66C-44BF-957B-D0FB38676A3D}.CD_ROM|Any CPU.ActiveCfg = Debug|Any CPU
		{28EFE14C-E66C-44BF-957B-D0FB38676A3D}.CD_ROM|Any CPU.Build.0 = Debug|Any CPU
		{28EFE14C-E66C-44BF-957B-D0FB38676A3D}.CD_ROM|Mixed Platforms.ActiveCfg = Debug|Any CPU
		{28EFE14C-E66C-44BF-957B-D0FB38676A3D}.CD_ROM|Mixed Platforms.Build.0 = Debug|Any CPU
		{28EFE14C-E66C-44BF-957B-D0FB38676A3D}.CD_ROM|x64.ActiveCfg = Debug|Any CPU
		{28EFE14C-E66C-44BF-957B-D0FB38676A3D}.CD_ROM|x64.Build.0 = Debug|Any CPU
		{28EFE14C-E66C-44BF-957B-D0FB38676A3D}.CD_ROM|x86.ActiveCfg = Debug|Any CPU
		{28EFE14C-E66C-44BF-957B-D0FB38676A3D}.CD_ROM|x86.Build.0 = Debug|Any CPU
		{28EFE14C-E66C-44BF-957B-D0FB38676A3D}.Debug|Any CPU.ActiveCfg = Debug|Any CPU
		{28EFE14C-E66C-44BF-957B-D0FB38676A3D}.Debug|Any CPU.Build.0 = Debug|Any CPU
		{28EFE14C-E66C-44BF-957B-D0FB38676A3D}.Debug|Mixed Platforms.ActiveCfg = Debug|Any CPU
		{28EFE14C-E66C-44BF-957B-D0FB38676A3D}.Debug|Mixed Platforms.Build.0 = Debug|Any CPU
		{28EFE14C-E66C-44BF-957B-D0FB38676A3D}.Debug|x64.ActiveCfg = Debug|Any CPU
		{28EFE14C-E66C-44BF-957B-D0FB38676A3D}.Debug|x64.Build.0 = Debug|Any CPU
		{28EFE14C-E66C-44BF-957B-D0FB38676A3D}.Debug|x86.ActiveCfg = Debug|Any CPU
		{28EFE14C-E66C-44BF-957B-D0FB38676A3D}.Debug|x86.Build.0 = Debug|Any CPU
		{28EFE14C-E66C-44BF-957B-D0FB38676A3D}.DVD-5|Any CPU.ActiveCfg = Debug|Any CPU
		{28EFE14C-E66C-44BF-957B-D0FB38676A3D}.DVD-5|Any CPU.Build.0 = Debug|Any CPU
		{28EFE14C-E66C-44BF-957B-D0FB38676A3D}.DVD-5|Mixed Platforms.ActiveCfg = Debug|Any CPU
		{28EFE14C-E66C-44BF-957B-D0FB38676A3D}.DVD-5|Mixed Platforms.Build.0 = Debug|Any CPU
		{28EFE14C-E66C-44BF-957B-D0FB38676A3D}.DVD-5|x64.ActiveCfg = Debug|Any CPU
		{28EFE14C-E66C-44BF-957B-D0FB38676A3D}.DVD-5|x64.Build.0 = Debug|Any CPU
		{28EFE14C-E66C-44BF-957B-D0FB38676A3D}.DVD-5|x86.ActiveCfg = Debug|Any CPU
		{28EFE14C-E66C-44BF-957B-D0FB38676A3D}.DVD-5|x86.Build.0 = Debug|Any CPU
		{28EFE14C-E66C-44BF-957B-D0FB38676A3D}.Release|Any CPU.ActiveCfg = Release|Any CPU
		{28EFE14C-E66C-44BF-957B-D0FB38676A3D}.Release|Any CPU.Build.0 = Release|Any CPU
		{28EFE14C-E66C-44BF-957B-D0FB38676A3D}.Release|Mixed Platforms.ActiveCfg = Release|Any CPU
		{28EFE14C-E66C-44BF-957B-D0FB38676A3D}.Release|Mixed Platforms.Build.0 = Release|Any CPU
		{28EFE14C-E66C-44BF-957B-D0FB38676A3D}.Release|x64.ActiveCfg = Release|Any CPU
		{28EFE14C-E66C-44BF-957B-D0FB38676A3D}.Release|x64.Build.0 = Release|Any CPU
		{28EFE14C-E66C-44BF-957B-D0FB38676A3D}.Release|x86.ActiveCfg = Release|Any CPU
		{28EFE14C-E66C-44BF-957B-D0FB38676A3D}.Release|x86.Build.0 = Release|Any CPU
		{28EFE14C-E66C-44BF-957B-D0FB38676A3D}.SingleImage|Any CPU.ActiveCfg = Debug|Any CPU
		{28EFE14C-E66C-44BF-957B-D0FB38676A3D}.SingleImage|Any CPU.Build.0 = Debug|Any CPU
		{28EFE14C-E66C-44BF-957B-D0FB38676A3D}.SingleImage|Mixed Platforms.ActiveCfg = Debug|Any CPU
		{28EFE14C-E66C-44BF-957B-D0FB38676A3D}.SingleImage|Mixed Platforms.Build.0 = Debug|Any CPU
		{28EFE14C-E66C-44BF-957B-D0FB38676A3D}.SingleImage|x64.ActiveCfg = Debug|Any CPU
		{28EFE14C-E66C-44BF-957B-D0FB38676A3D}.SingleImage|x64.Build.0 = Debug|Any CPU
		{28EFE14C-E66C-44BF-957B-D0FB38676A3D}.SingleImage|x86.ActiveCfg = Debug|Any CPU
		{28EFE14C-E66C-44BF-957B-D0FB38676A3D}.SingleImage|x86.Build.0 = Debug|Any CPU
		{FEF7B8F8-6F1A-4A45-9918-196253A0F563}.CD_ROM|Any CPU.ActiveCfg = Debug|Any CPU
		{FEF7B8F8-6F1A-4A45-9918-196253A0F563}.CD_ROM|Any CPU.Build.0 = Debug|Any CPU
		{FEF7B8F8-6F1A-4A45-9918-196253A0F563}.CD_ROM|Mixed Platforms.ActiveCfg = Debug|Any CPU
		{FEF7B8F8-6F1A-4A45-9918-196253A0F563}.CD_ROM|Mixed Platforms.Build.0 = Debug|Any CPU
		{FEF7B8F8-6F1A-4A45-9918-196253A0F563}.CD_ROM|x64.ActiveCfg = Debug|Any CPU
		{FEF7B8F8-6F1A-4A45-9918-196253A0F563}.CD_ROM|x64.Build.0 = Debug|Any CPU
		{FEF7B8F8-6F1A-4A45-9918-196253A0F563}.CD_ROM|x86.ActiveCfg = Debug|Any CPU
		{FEF7B8F8-6F1A-4A45-9918-196253A0F563}.CD_ROM|x86.Build.0 = Debug|Any CPU
		{FEF7B8F8-6F1A-4A45-9918-196253A0F563}.Debug|Any CPU.ActiveCfg = Debug|Any CPU
		{FEF7B8F8-6F1A-4A45-9918-196253A0F563}.Debug|Any CPU.Build.0 = Debug|Any CPU
		{FEF7B8F8-6F1A-4A45-9918-196253A0F563}.Debug|Mixed Platforms.ActiveCfg = Debug|Any CPU
		{FEF7B8F8-6F1A-4A45-9918-196253A0F563}.Debug|Mixed Platforms.Build.0 = Debug|Any CPU
		{FEF7B8F8-6F1A-4A45-9918-196253A0F563}.Debug|x64.ActiveCfg = Debug|Any CPU
		{FEF7B8F8-6F1A-4A45-9918-196253A0F563}.Debug|x64.Build.0 = Debug|Any CPU
		{FEF7B8F8-6F1A-4A45-9918-196253A0F563}.Debug|x86.ActiveCfg = Debug|Any CPU
		{FEF7B8F8-6F1A-4A45-9918-196253A0F563}.Debug|x86.Build.0 = Debug|Any CPU
		{FEF7B8F8-6F1A-4A45-9918-196253A0F563}.DVD-5|Any CPU.ActiveCfg = Debug|Any CPU
		{FEF7B8F8-6F1A-4A45-9918-196253A0F563}.DVD-5|Any CPU.Build.0 = Debug|Any CPU
		{FEF7B8F8-6F1A-4A45-9918-196253A0F563}.DVD-5|Mixed Platforms.ActiveCfg = Debug|Any CPU
		{FEF7B8F8-6F1A-4A45-9918-196253A0F563}.DVD-5|Mixed Platforms.Build.0 = Debug|Any CPU
		{FEF7B8F8-6F1A-4A45-9918-196253A0F563}.DVD-5|x64.ActiveCfg = Debug|Any CPU
		{FEF7B8F8-6F1A-4A45-9918-196253A0F563}.DVD-5|x64.Build.0 = Debug|Any CPU
		{FEF7B8F8-6F1A-4A45-9918-196253A0F563}.DVD-5|x86.ActiveCfg = Debug|Any CPU
		{FEF7B8F8-6F1A-4A45-9918-196253A0F563}.DVD-5|x86.Build.0 = Debug|Any CPU
		{FEF7B8F8-6F1A-4A45-9918-196253A0F563}.Release|Any CPU.ActiveCfg = Release|Any CPU
		{FEF7B8F8-6F1A-4A45-9918-196253A0F563}.Release|Any CPU.Build.0 = Release|Any CPU
		{FEF7B8F8-6F1A-4A45-9918-196253A0F563}.Release|Mixed Platforms.ActiveCfg = Release|Any CPU
		{FEF7B8F8-6F1A-4A45-9918-196253A0F563}.Release|Mixed Platforms.Build.0 = Release|Any CPU
		{FEF7B8F8-6F1A-4A45-9918-196253A0F563}.Release|x64.ActiveCfg = Release|Any CPU
		{FEF7B8F8-6F1A-4A45-9918-196253A0F563}.Release|x64.Build.0 = Release|Any CPU
		{FEF7B8F8-6F1A-4A45-9918-196253A0F563}.Release|x86.ActiveCfg = Release|Any CPU
		{FEF7B8F8-6F1A-4A45-9918-196253A0F563}.Release|x86.Build.0 = Release|Any CPU
		{FEF7B8F8-6F1A-4A45-9918-196253A0F563}.SingleImage|Any CPU.ActiveCfg = Debug|Any CPU
		{FEF7B8F8-6F1A-4A45-9918-196253A0F563}.SingleImage|Any CPU.Build.0 = Debug|Any CPU
		{FEF7B8F8-6F1A-4A45-9918-196253A0F563}.SingleImage|Mixed Platforms.ActiveCfg = Debug|Any CPU
		{FEF7B8F8-6F1A-4A45-9918-196253A0F563}.SingleImage|Mixed Platforms.Build.0 = Debug|Any CPU
		{FEF7B8F8-6F1A-4A45-9918-196253A0F563}.SingleImage|x64.ActiveCfg = Debug|Any CPU
		{FEF7B8F8-6F1A-4A45-9918-196253A0F563}.SingleImage|x64.Build.0 = Debug|Any CPU
		{FEF7B8F8-6F1A-4A45-9918-196253A0F563}.SingleImage|x86.ActiveCfg = Debug|Any CPU
		{FEF7B8F8-6F1A-4A45-9918-196253A0F563}.SingleImage|x86.Build.0 = Debug|Any CPU
		{41922F5A-B4B8-4CDC-A4BB-10391C7FF5D3}.CD_ROM|Any CPU.ActiveCfg = Debug|Any CPU
		{41922F5A-B4B8-4CDC-A4BB-10391C7FF5D3}.CD_ROM|Any CPU.Build.0 = Debug|Any CPU
		{41922F5A-B4B8-4CDC-A4BB-10391C7FF5D3}.CD_ROM|Mixed Platforms.ActiveCfg = Debug|Any CPU
		{41922F5A-B4B8-4CDC-A4BB-10391C7FF5D3}.CD_ROM|Mixed Platforms.Build.0 = Debug|Any CPU
		{41922F5A-B4B8-4CDC-A4BB-10391C7FF5D3}.CD_ROM|x64.ActiveCfg = Debug|Any CPU
		{41922F5A-B4B8-4CDC-A4BB-10391C7FF5D3}.CD_ROM|x64.Build.0 = Debug|Any CPU
		{41922F5A-B4B8-4CDC-A4BB-10391C7FF5D3}.CD_ROM|x86.ActiveCfg = Debug|Any CPU
		{41922F5A-B4B8-4CDC-A4BB-10391C7FF5D3}.CD_ROM|x86.Build.0 = Debug|Any CPU
		{41922F5A-B4B8-4CDC-A4BB-10391C7FF5D3}.Debug|Any CPU.ActiveCfg = Debug|Any CPU
		{41922F5A-B4B8-4CDC-A4BB-10391C7FF5D3}.Debug|Any CPU.Build.0 = Debug|Any CPU
		{41922F5A-B4B8-4CDC-A4BB-10391C7FF5D3}.Debug|Mixed Platforms.ActiveCfg = Debug|Any CPU
		{41922F5A-B4B8-4CDC-A4BB-10391C7FF5D3}.Debug|Mixed Platforms.Build.0 = Debug|Any CPU
		{41922F5A-B4B8-4CDC-A4BB-10391C7FF5D3}.Debug|x64.ActiveCfg = Debug|Any CPU
		{41922F5A-B4B8-4CDC-A4BB-10391C7FF5D3}.Debug|x64.Build.0 = Debug|Any CPU
		{41922F5A-B4B8-4CDC-A4BB-10391C7FF5D3}.Debug|x86.ActiveCfg = Debug|Any CPU
		{41922F5A-B4B8-4CDC-A4BB-10391C7FF5D3}.Debug|x86.Build.0 = Debug|Any CPU
		{41922F5A-B4B8-4CDC-A4BB-10391C7FF5D3}.DVD-5|Any CPU.ActiveCfg = Debug|Any CPU
		{41922F5A-B4B8-4CDC-A4BB-10391C7FF5D3}.DVD-5|Any CPU.Build.0 = Debug|Any CPU
		{41922F5A-B4B8-4CDC-A4BB-10391C7FF5D3}.DVD-5|Mixed Platforms.ActiveCfg = Debug|Any CPU
		{41922F5A-B4B8-4CDC-A4BB-10391C7FF5D3}.DVD-5|Mixed Platforms.Build.0 = Debug|Any CPU
		{41922F5A-B4B8-4CDC-A4BB-10391C7FF5D3}.DVD-5|x64.ActiveCfg = Debug|Any CPU
		{41922F5A-B4B8-4CDC-A4BB-10391C7FF5D3}.DVD-5|x64.Build.0 = Debug|Any CPU
		{41922F5A-B4B8-4CDC-A4BB-10391C7FF5D3}.DVD-5|x86.ActiveCfg = Debug|Any CPU
		{41922F5A-B4B8-4CDC-A4BB-10391C7FF5D3}.DVD-5|x86.Build.0 = Debug|Any CPU
		{41922F5A-B4B8-4CDC-A4BB-10391C7FF5D3}.Release|Any CPU.ActiveCfg = Release|Any CPU
		{41922F5A-B4B8-4CDC-A4BB-10391C7FF5D3}.Release|Any CPU.Build.0 = Release|Any CPU
		{41922F5A-B4B8-4CDC-A4BB-10391C7FF5D3}.Release|Mixed Platforms.ActiveCfg = Release|Any CPU
		{41922F5A-B4B8-4CDC-A4BB-10391C7FF5D3}.Release|Mixed Platforms.Build.0 = Release|Any CPU
		{41922F5A-B4B8-4CDC-A4BB-10391C7FF5D3}.Release|x64.ActiveCfg = Release|Any CPU
		{41922F5A-B4B8-4CDC-A4BB-10391C7FF5D3}.Release|x64.Build.0 = Release|Any CPU
		{41922F5A-B4B8-4CDC-A4BB-10391C7FF5D3}.Release|x86.ActiveCfg = Release|Any CPU
		{41922F5A-B4B8-4CDC-A4BB-10391C7FF5D3}.Release|x86.Build.0 = Release|Any CPU
		{41922F5A-B4B8-4CDC-A4BB-10391C7FF5D3}.SingleImage|Any CPU.ActiveCfg = Debug|Any CPU
		{41922F5A-B4B8-4CDC-A4BB-10391C7FF5D3}.SingleImage|Any CPU.Build.0 = Debug|Any CPU
		{41922F5A-B4B8-4CDC-A4BB-10391C7FF5D3}.SingleImage|Mixed Platforms.ActiveCfg = Debug|Any CPU
		{41922F5A-B4B8-4CDC-A4BB-10391C7FF5D3}.SingleImage|Mixed Platforms.Build.0 = Debug|Any CPU
		{41922F5A-B4B8-4CDC-A4BB-10391C7FF5D3}.SingleImage|x64.ActiveCfg = Debug|Any CPU
		{41922F5A-B4B8-4CDC-A4BB-10391C7FF5D3}.SingleImage|x64.Build.0 = Debug|Any CPU
		{41922F5A-B4B8-4CDC-A4BB-10391C7FF5D3}.SingleImage|x86.ActiveCfg = Debug|Any CPU
		{41922F5A-B4B8-4CDC-A4BB-10391C7FF5D3}.SingleImage|x86.Build.0 = Debug|Any CPU
	EndGlobalSection
	GlobalSection(SolutionProperties) = preSolution
		HideSolutionNode = FALSE
	EndGlobalSection
	GlobalSection(NestedProjects) = preSolution
		{C99E8FD3-F082-4C82-A3F1-445AD1662C76} = {1FC4815E-9354-4E1E-994D-CB8791702A71}
		{B582EE1B-362B-4E0D-8B1C-ED1144ABFB08} = {1FC4815E-9354-4E1E-994D-CB8791702A71}
		{EBC6A8FD-6EC5-4DA4-99DB-5E01758CA526} = {1FC4815E-9354-4E1E-994D-CB8791702A71}
		{4017597E-0DC9-4441-8492-F1512F907EBF} = {EBC6A8FD-6EC5-4DA4-99DB-5E01758CA526}
		{589510DB-2750-4BED-A13F-DA04196E95F3} = {1FC4815E-9354-4E1E-994D-CB8791702A71}
		{3A02FF43-6D96-4400-9678-AB2BC1D73606} = {589510DB-2750-4BED-A13F-DA04196E95F3}
		{1EC56DF2-7393-4C23-A6C5-95F1F01A2074} = {1FC4815E-9354-4E1E-994D-CB8791702A71}
		{62C7D0DF-FFBA-4214-84C0-0C2BC18DE1F4} = {1EC56DF2-7393-4C23-A6C5-95F1F01A2074}
		{6A8CB485-71C5-451E-AE89-BB6F08C86DA4} = {B582EE1B-362B-4E0D-8B1C-ED1144ABFB08}
		{9D518D66-E40B-4836-93CE-AA4E187E7782} = {B582EE1B-362B-4E0D-8B1C-ED1144ABFB08}
		{A5CC3E63-0FCC-4262-9189-A266EB3F154C} = {C99E8FD3-F082-4C82-A3F1-445AD1662C76}
		{470938F4-22D4-4732-A377-AEFC897415B2} = {C99E8FD3-F082-4C82-A3F1-445AD1662C76}
		{889DD0FB-1FE4-47BA-BE16-B84D1A3B6BE1} = {C99E8FD3-F082-4C82-A3F1-445AD1662C76}
		{EAE9D370-E288-46EB-9193-563C6D18EFB7} = {B582EE1B-362B-4E0D-8B1C-ED1144ABFB08}
		{CA94DF6D-AC74-4757-96B1-2E2268BBD02F} = {B582EE1B-362B-4E0D-8B1C-ED1144ABFB08}
		{5DCF2A30-1C40-429C-85F6-8FF4635EB7D4} = {C99E8FD3-F082-4C82-A3F1-445AD1662C76}
		{05126307-4797-43C1-9DDC-9787EE38ABD0} = {B582EE1B-362B-4E0D-8B1C-ED1144ABFB08}
		{1951964B-FBC2-4649-8F4C-DD5117FDFD55} = {C99E8FD3-F082-4C82-A3F1-445AD1662C76}
		{D8892BE9-4986-41C4-AA28-52CF5208DEEA} = {C99E8FD3-F082-4C82-A3F1-445AD1662C76}
		{456EFAB7-C315-4F33-863D-6AF3658E3EEE} = {1EC56DF2-7393-4C23-A6C5-95F1F01A2074}
		{C0CA6AED-F2C1-4773-A72B-24EB845B122B} = {1EC56DF2-7393-4C23-A6C5-95F1F01A2074}
		{28EFE14C-E66C-44BF-957B-D0FB38676A3D} = {C99E8FD3-F082-4C82-A3F1-445AD1662C76}
		{2D212AFC-4FDD-418E-8A3D-A48164792B33} = {1FC4815E-9354-4E1E-994D-CB8791702A71}
	EndGlobalSection
	GlobalSection(ExtensibilityGlobals) = postSolution
		SolutionGuid = {4F07C7A9-5F66-4783-9A5E-F20FFF2987A4}
	EndGlobalSection
EndGlobal
